// !$*UTF8*$!
{
	archiveVersion = 1;
	classes = {
	};
	objectVersion = 46;
	objects = {

/* Begin PBXBuildFile section */
		050E0C40224A73D2006CF681 /* AppleSpeechRecognizer.swift in Sources */ = {isa = PBXBuildFile; fileRef = 05F45CF822229F0900ECBBAD /* AppleSpeechRecognizer.swift */; };
		050E0C41224A7425006CF681 /* GoogleJsonSpeechRecognizer.swift in Sources */ = {isa = PBXBuildFile; fileRef = 05F45CF622229ECA00ECBBAD /* GoogleJsonSpeechRecognizer.swift */; };
		0516688F222DCE070054FA5A /* GoogleStreamingSpeechRecognizer.swift in Sources */ = {isa = PBXBuildFile; fileRef = 0516688E222DCE060054FA5A /* GoogleStreamingSpeechRecognizer.swift */; };
		05166890222DCE070054FA5A /* GoogleStreamingSpeechRecognizer.swift in Sources */ = {isa = PBXBuildFile; fileRef = 0516688E222DCE060054FA5A /* GoogleStreamingSpeechRecognizer.swift */; };
		056622ED222200F800D566DE /* MainInterface.storyboard in Resources */ = {isa = PBXBuildFile; fileRef = 0546A02B2221CFE50099EFFC /* MainInterface.storyboard */; };
		057285CD2221F3AC0020B2BF /* Localizable.strings in Resources */ = {isa = PBXBuildFile; fileRef = CA35C9551F5EF9CF004B5A32 /* Localizable.strings */; };
		057285CE2221F3B20020B2BF /* ActionViewController.swift in Sources */ = {isa = PBXBuildFile; fileRef = 0546A0292221CFE50099EFFC /* ActionViewController.swift */; };
		05A1936C21580BB900B2199F /* twominsofsilence.ogg in Resources */ = {isa = PBXBuildFile; fileRef = 05A1936B21580BB900B2199F /* twominsofsilence.ogg */; };
		05A1936E2158160500B2199F /* 59secondsofsilence.ogg in Resources */ = {isa = PBXBuildFile; fileRef = 05A1936D2158160500B2199F /* 59secondsofsilence.ogg */; };
		05D70FD8224FF9C4003587C2 /* overoneminute.opus in Resources */ = {isa = PBXBuildFile; fileRef = 05D70FD7224FF9C3003587C2 /* overoneminute.opus */; };
		05F45CF722229ECA00ECBBAD /* GoogleJsonSpeechRecognizer.swift in Sources */ = {isa = PBXBuildFile; fileRef = 05F45CF622229ECA00ECBBAD /* GoogleJsonSpeechRecognizer.swift */; };
		05F45CF922229F0900ECBBAD /* AppleSpeechRecognizer.swift in Sources */ = {isa = PBXBuildFile; fileRef = 05F45CF822229F0900ECBBAD /* AppleSpeechRecognizer.swift */; };
		0A585B5E30A2C6B08D716063 /* Pods_SpeechToTextUITests.framework in Frameworks */ = {isa = PBXBuildFile; fileRef = E1CEA7DC066643B17128F140 /* Pods_SpeechToTextUITests.framework */; };
		162135B2CD07D5E6351788E2 /* Pods_SpeechToTextTests.framework in Frameworks */ = {isa = PBXBuildFile; fileRef = 102B75D4BE22D2E018BA6BF5 /* Pods_SpeechToTextTests.framework */; };
		93F9B9C8068157C00F009193 /* Pods_SpeechToText.framework in Frameworks */ = {isa = PBXBuildFile; fileRef = AC372E5180A19E87F864EBD7 /* Pods_SpeechToText.framework */; };
		CA20C7B31F7104E2005CAA48 /* test.m4a in Resources */ = {isa = PBXBuildFile; fileRef = CA20C7B01F7104E2005CAA48 /* test.m4a */; };
		CA20C7B41F7104E2005CAA48 /* test.ogg in Resources */ = {isa = PBXBuildFile; fileRef = CA20C7B11F7104E2005CAA48 /* test.ogg */; };
		CA20C7B51F7104E2005CAA48 /* test.opus in Resources */ = {isa = PBXBuildFile; fileRef = CA20C7B21F7104E2005CAA48 /* test.opus */; };
		CA35C93E1F5EF551004B5A32 /* Localizable.strings in Resources */ = {isa = PBXBuildFile; fileRef = CA35C9401F5EF551004B5A32 /* Localizable.strings */; };
		CA35C9491F5EF552004B5A32 /* InfoPlist.strings in Resources */ = {isa = PBXBuildFile; fileRef = CA35C94B1F5EF552004B5A32 /* InfoPlist.strings */; };
		CA35C9531F5EF9CF004B5A32 /* Localizable.strings in Resources */ = {isa = PBXBuildFile; fileRef = CA35C9551F5EF9CF004B5A32 /* Localizable.strings */; };
		CA52DEC71F0B766000D96FEC /* Settings.bundle in Resources */ = {isa = PBXBuildFile; fileRef = CA52DEC61F0B766000D96FEC /* Settings.bundle */; };
		CA52DEC81F0B766000D96FEC /* Settings.bundle in Resources */ = {isa = PBXBuildFile; fileRef = CA52DEC61F0B766000D96FEC /* Settings.bundle */; };
		CA5741AE1EC4A5C800F5CE3C /* Assets.xcassets in Resources */ = {isa = PBXBuildFile; fileRef = CAAEE41F1EC1CDEF00292860 /* Assets.xcassets */; };
		CAA9CE461F5FF84A0044AF54 /* Settings.swift in Sources */ = {isa = PBXBuildFile; fileRef = CAA9CE451F5FF84A0044AF54 /* Settings.swift */; };
		CAAEE4191EC1CDEF00292860 /* AppDelegate.swift in Sources */ = {isa = PBXBuildFile; fileRef = CAAEE4181EC1CDEF00292860 /* AppDelegate.swift */; };
		CAAEE41B1EC1CDEF00292860 /* ViewController.swift in Sources */ = {isa = PBXBuildFile; fileRef = CAAEE41A1EC1CDEF00292860 /* ViewController.swift */; };
		CAAEE41E1EC1CDEF00292860 /* Main.storyboard in Resources */ = {isa = PBXBuildFile; fileRef = CAAEE41C1EC1CDEF00292860 /* Main.storyboard */; };
		CAAEE4201EC1CDEF00292860 /* Assets.xcassets in Resources */ = {isa = PBXBuildFile; fileRef = CAAEE41F1EC1CDEF00292860 /* Assets.xcassets */; };
		CAAEE4231EC1CDEF00292860 /* LaunchScreen.storyboard in Resources */ = {isa = PBXBuildFile; fileRef = CAAEE4211EC1CDEF00292860 /* LaunchScreen.storyboard */; };
		CAAEE42E1EC1CDEF00292860 /* SpeechToTextTests.swift in Sources */ = {isa = PBXBuildFile; fileRef = CAAEE42D1EC1CDEF00292860 /* SpeechToTextTests.swift */; };
		CAAEE4391EC1CDEF00292860 /* SpeechToTextUITests.swift in Sources */ = {isa = PBXBuildFile; fileRef = CAAEE4381EC1CDEF00292860 /* SpeechToTextUITests.swift */; };
		CAAEE4781EC22F7A00292860 /* SpeechToTextAction.appex in Embed App Extensions */ = {isa = PBXBuildFile; fileRef = CAAEE46F1EC22F7A00292860 /* SpeechToTextAction.appex */; settings = {ATTRIBUTES = (RemoveHeadersOnCopy, ); }; };
		CAC2594A1F69C89B007C4BB3 /* SpeechRecognizer.swift in Sources */ = {isa = PBXBuildFile; fileRef = CAC259491F69C89B007C4BB3 /* SpeechRecognizer.swift */; };
		CAC2594C1F69C954007C4BB3 /* Util.swift in Sources */ = {isa = PBXBuildFile; fileRef = CAC2594B1F69C954007C4BB3 /* Util.swift */; };
		CAC2594D1F69D3E4007C4BB3 /* SpeechRecognizer.swift in Sources */ = {isa = PBXBuildFile; fileRef = CAC259491F69C89B007C4BB3 /* SpeechRecognizer.swift */; };
		CAC2594E1F69D825007C4BB3 /* Transcript.swift in Sources */ = {isa = PBXBuildFile; fileRef = CAE1499D1ECDB5A600162D3E /* Transcript.swift */; };
		CAC2594F1F69D829007C4BB3 /* Settings.swift in Sources */ = {isa = PBXBuildFile; fileRef = CAA9CE451F5FF84A0044AF54 /* Settings.swift */; };
		CAC259511F69D836007C4BB3 /* Util.swift in Sources */ = {isa = PBXBuildFile; fileRef = CAC2594B1F69C954007C4BB3 /* Util.swift */; };
		CAE1499E1ECDB5A600162D3E /* Transcript.swift in Sources */ = {isa = PBXBuildFile; fileRef = CAE1499D1ECDB5A600162D3E /* Transcript.swift */; };
		CAE1499F1ECDB5A600162D3E /* Transcript.swift in Sources */ = {isa = PBXBuildFile; fileRef = CAE1499D1ECDB5A600162D3E /* Transcript.swift */; };
		CAFD70081F60176F007862D8 /* Settings.swift in Sources */ = {isa = PBXBuildFile; fileRef = CAA9CE451F5FF84A0044AF54 /* Settings.swift */; };
		CE70B6A633029FB5F6E875B6 /* Pods_SpeechToTextAction.framework in Frameworks */ = {isa = PBXBuildFile; fileRef = 78221CBC1F7B468982C32DEF /* Pods_SpeechToTextAction.framework */; };
/* End PBXBuildFile section */

/* Begin PBXContainerItemProxy section */
		CAAEE42A1EC1CDEF00292860 /* PBXContainerItemProxy */ = {
			isa = PBXContainerItemProxy;
			containerPortal = CAAEE40D1EC1CDEE00292860 /* Project object */;
			proxyType = 1;
			remoteGlobalIDString = CAAEE4141EC1CDEE00292860;
			remoteInfo = SpeechToText;
		};
		CAAEE4351EC1CDEF00292860 /* PBXContainerItemProxy */ = {
			isa = PBXContainerItemProxy;
			containerPortal = CAAEE40D1EC1CDEE00292860 /* Project object */;
			proxyType = 1;
			remoteGlobalIDString = CAAEE4141EC1CDEE00292860;
			remoteInfo = SpeechToText;
		};
		CAAEE4761EC22F7A00292860 /* PBXContainerItemProxy */ = {
			isa = PBXContainerItemProxy;
			containerPortal = CAAEE40D1EC1CDEE00292860 /* Project object */;
			proxyType = 1;
			remoteGlobalIDString = CAAEE46E1EC22F7A00292860;
			remoteInfo = SpeechToTextAction;
		};
/* End PBXContainerItemProxy section */

/* Begin PBXCopyFilesBuildPhase section */
		CAAEE4581EC2067600292860 /* Embed App Extensions */ = {
			isa = PBXCopyFilesBuildPhase;
			buildActionMask = 2147483647;
			dstPath = "";
			dstSubfolderSpec = 13;
			files = (
				CAAEE4781EC22F7A00292860 /* SpeechToTextAction.appex in Embed App Extensions */,
			);
			name = "Embed App Extensions";
			runOnlyForDeploymentPostprocessing = 0;
		};
/* End PBXCopyFilesBuildPhase section */

/* Begin PBXFileReference section */
		0516688E222DCE060054FA5A /* GoogleStreamingSpeechRecognizer.swift */ = {isa = PBXFileReference; fileEncoding = 4; lastKnownFileType = sourcecode.swift; path = GoogleStreamingSpeechRecognizer.swift; sourceTree = "<group>"; };
		0546A0292221CFE50099EFFC /* ActionViewController.swift */ = {isa = PBXFileReference; lastKnownFileType = sourcecode.swift; path = ActionViewController.swift; sourceTree = "<group>"; };
		0546A02C2221CFE50099EFFC /* Base */ = {isa = PBXFileReference; lastKnownFileType = file.storyboard; name = Base; path = Base.lproj/MainInterface.storyboard; sourceTree = "<group>"; };
		056622EC2221FEA100D566DE /* de */ = {isa = PBXFileReference; lastKnownFileType = text.plist.strings; name = de; path = de.lproj/MainInterface.strings; sourceTree = "<group>"; };
		0598AC572221F6DA006DD000 /* Info.plist */ = {isa = PBXFileReference; fileEncoding = 4; lastKnownFileType = text.plist.xml; path = Info.plist; sourceTree = "<group>"; };
		05A1936B21580BB900B2199F /* twominsofsilence.ogg */ = {isa = PBXFileReference; lastKnownFileType = file; path = twominsofsilence.ogg; sourceTree = "<group>"; };
		05A1936D2158160500B2199F /* 59secondsofsilence.ogg */ = {isa = PBXFileReference; lastKnownFileType = file; path = 59secondsofsilence.ogg; sourceTree = "<group>"; };
		05B1293522306D4D000D2C96 /* googleapis.framework */ = {isa = PBXFileReference; explicitFileType = wrapper.framework; path = googleapis.framework; sourceTree = BUILT_PRODUCTS_DIR; };
		05B1293722306D70000D2C96 /* googleapis.framework */ = {isa = PBXFileReference; explicitFileType = wrapper.framework; path = googleapis.framework; sourceTree = BUILT_PRODUCTS_DIR; };
		05D70FD7224FF9C3003587C2 /* overoneminute.opus */ = {isa = PBXFileReference; lastKnownFileType = file; path = overoneminute.opus; sourceTree = "<group>"; };
		05F45CF622229ECA00ECBBAD /* GoogleJsonSpeechRecognizer.swift */ = {isa = PBXFileReference; lastKnownFileType = sourcecode.swift; path = GoogleJsonSpeechRecognizer.swift; sourceTree = "<group>"; };
		05F45CF822229F0900ECBBAD /* AppleSpeechRecognizer.swift */ = {isa = PBXFileReference; lastKnownFileType = sourcecode.swift; path = AppleSpeechRecognizer.swift; sourceTree = "<group>"; };
		102B75D4BE22D2E018BA6BF5 /* Pods_SpeechToTextTests.framework */ = {isa = PBXFileReference; explicitFileType = wrapper.framework; includeInIndex = 0; path = Pods_SpeechToTextTests.framework; sourceTree = BUILT_PRODUCTS_DIR; };
		1449FDC256E9E6E73F250CE5 /* Pods-SpeechToTextUITests.release.xcconfig */ = {isa = PBXFileReference; includeInIndex = 1; lastKnownFileType = text.xcconfig; name = "Pods-SpeechToTextUITests.release.xcconfig"; path = "Target Support Files/Pods-SpeechToTextUITests/Pods-SpeechToTextUITests.release.xcconfig"; sourceTree = "<group>"; };
		3C6F1C4FFA21BCEF4DA30936 /* Pods-SpeechToTextAction.release.xcconfig */ = {isa = PBXFileReference; includeInIndex = 1; lastKnownFileType = text.xcconfig; name = "Pods-SpeechToTextAction.release.xcconfig"; path = "Target Support Files/Pods-SpeechToTextAction/Pods-SpeechToTextAction.release.xcconfig"; sourceTree = "<group>"; };
		78221CBC1F7B468982C32DEF /* Pods_SpeechToTextAction.framework */ = {isa = PBXFileReference; explicitFileType = wrapper.framework; includeInIndex = 0; path = Pods_SpeechToTextAction.framework; sourceTree = BUILT_PRODUCTS_DIR; };
		858990D0E3E32510BAB5E473 /* Pods-SpeechToTextTests.release.xcconfig */ = {isa = PBXFileReference; includeInIndex = 1; lastKnownFileType = text.xcconfig; name = "Pods-SpeechToTextTests.release.xcconfig"; path = "Target Support Files/Pods-SpeechToTextTests/Pods-SpeechToTextTests.release.xcconfig"; sourceTree = "<group>"; };
		942C50135532A4252FC7CB41 /* Pods-SpeechToText.release.xcconfig */ = {isa = PBXFileReference; includeInIndex = 1; lastKnownFileType = text.xcconfig; name = "Pods-SpeechToText.release.xcconfig"; path = "Target Support Files/Pods-SpeechToText/Pods-SpeechToText.release.xcconfig"; sourceTree = "<group>"; };
		9FFBCF0324B051306B313B05 /* Pods-SpeechToTextTests.debug.xcconfig */ = {isa = PBXFileReference; includeInIndex = 1; lastKnownFileType = text.xcconfig; name = "Pods-SpeechToTextTests.debug.xcconfig"; path = "Target Support Files/Pods-SpeechToTextTests/Pods-SpeechToTextTests.debug.xcconfig"; sourceTree = "<group>"; };
		A4090C620CDDED2508D905CD /* Pods-SpeechToTextAction.debug.xcconfig */ = {isa = PBXFileReference; includeInIndex = 1; lastKnownFileType = text.xcconfig; name = "Pods-SpeechToTextAction.debug.xcconfig"; path = "Target Support Files/Pods-SpeechToTextAction/Pods-SpeechToTextAction.debug.xcconfig"; sourceTree = "<group>"; };
		AC372E5180A19E87F864EBD7 /* Pods_SpeechToText.framework */ = {isa = PBXFileReference; explicitFileType = wrapper.framework; includeInIndex = 0; path = Pods_SpeechToText.framework; sourceTree = BUILT_PRODUCTS_DIR; };
		CA20C7B01F7104E2005CAA48 /* test.m4a */ = {isa = PBXFileReference; lastKnownFileType = file; path = test.m4a; sourceTree = "<group>"; };
		CA20C7B11F7104E2005CAA48 /* test.ogg */ = {isa = PBXFileReference; lastKnownFileType = file; path = test.ogg; sourceTree = "<group>"; };
		CA20C7B21F7104E2005CAA48 /* test.opus */ = {isa = PBXFileReference; lastKnownFileType = file; path = test.opus; sourceTree = "<group>"; };
		CA35C93F1F5EF551004B5A32 /* de */ = {isa = PBXFileReference; lastKnownFileType = text.plist.strings; name = de; path = de.lproj/Localizable.strings; sourceTree = "<group>"; };
		CA35C9461F5EF552004B5A32 /* de */ = {isa = PBXFileReference; lastKnownFileType = text.plist.strings; name = de; path = de.lproj/LaunchScreen.strings; sourceTree = "<group>"; };
		CA35C94A1F5EF552004B5A32 /* de */ = {isa = PBXFileReference; lastKnownFileType = text.plist.strings; name = de; path = de.lproj/InfoPlist.strings; sourceTree = "<group>"; };
		CA35C9541F5EF9CF004B5A32 /* de */ = {isa = PBXFileReference; lastKnownFileType = text.plist.strings; name = de; path = de.lproj/Localizable.strings; sourceTree = "<group>"; };
		CA52DEC61F0B766000D96FEC /* Settings.bundle */ = {isa = PBXFileReference; lastKnownFileType = "wrapper.plug-in"; path = Settings.bundle; sourceTree = "<group>"; };
		CA6C1ACC1F5EEE1C003A97FE /* de */ = {isa = PBXFileReference; lastKnownFileType = text.plist.strings; name = de; path = de.lproj/Main.strings; sourceTree = "<group>"; };
		CAA9CE451F5FF84A0044AF54 /* Settings.swift */ = {isa = PBXFileReference; fileEncoding = 4; lastKnownFileType = sourcecode.swift; path = Settings.swift; sourceTree = "<group>"; };
		CAAEE4151EC1CDEF00292860 /* SpeechToText.app */ = {isa = PBXFileReference; explicitFileType = wrapper.application; includeInIndex = 0; path = SpeechToText.app; sourceTree = BUILT_PRODUCTS_DIR; };
		CAAEE4181EC1CDEF00292860 /* AppDelegate.swift */ = {isa = PBXFileReference; lastKnownFileType = sourcecode.swift; path = AppDelegate.swift; sourceTree = "<group>"; };
		CAAEE41A1EC1CDEF00292860 /* ViewController.swift */ = {isa = PBXFileReference; lastKnownFileType = sourcecode.swift; path = ViewController.swift; sourceTree = "<group>"; };
		CAAEE41D1EC1CDEF00292860 /* Base */ = {isa = PBXFileReference; lastKnownFileType = file.storyboard; name = Base; path = Base.lproj/Main.storyboard; sourceTree = "<group>"; };
		CAAEE41F1EC1CDEF00292860 /* Assets.xcassets */ = {isa = PBXFileReference; lastKnownFileType = folder.assetcatalog; path = Assets.xcassets; sourceTree = "<group>"; };
		CAAEE4221EC1CDEF00292860 /* Base */ = {isa = PBXFileReference; lastKnownFileType = file.storyboard; name = Base; path = Base.lproj/LaunchScreen.storyboard; sourceTree = "<group>"; };
		CAAEE4241EC1CDEF00292860 /* Info.plist */ = {isa = PBXFileReference; lastKnownFileType = text.plist.xml; path = Info.plist; sourceTree = "<group>"; };
		CAAEE4291EC1CDEF00292860 /* SpeechToTextTests.xctest */ = {isa = PBXFileReference; explicitFileType = wrapper.cfbundle; includeInIndex = 0; path = SpeechToTextTests.xctest; sourceTree = BUILT_PRODUCTS_DIR; };
		CAAEE42D1EC1CDEF00292860 /* SpeechToTextTests.swift */ = {isa = PBXFileReference; lastKnownFileType = sourcecode.swift; path = SpeechToTextTests.swift; sourceTree = "<group>"; };
		CAAEE42F1EC1CDEF00292860 /* Info.plist */ = {isa = PBXFileReference; lastKnownFileType = text.plist.xml; path = Info.plist; sourceTree = "<group>"; };
		CAAEE4341EC1CDEF00292860 /* SpeechToTextUITests.xctest */ = {isa = PBXFileReference; explicitFileType = wrapper.cfbundle; includeInIndex = 0; path = SpeechToTextUITests.xctest; sourceTree = BUILT_PRODUCTS_DIR; };
		CAAEE4381EC1CDEF00292860 /* SpeechToTextUITests.swift */ = {isa = PBXFileReference; lastKnownFileType = sourcecode.swift; path = SpeechToTextUITests.swift; sourceTree = "<group>"; };
		CAAEE43A1EC1CDEF00292860 /* Info.plist */ = {isa = PBXFileReference; lastKnownFileType = text.plist.xml; path = Info.plist; sourceTree = "<group>"; };
		CAAEE46F1EC22F7A00292860 /* SpeechToTextAction.appex */ = {isa = PBXFileReference; explicitFileType = "wrapper.app-extension"; includeInIndex = 0; path = SpeechToTextAction.appex; sourceTree = BUILT_PRODUCTS_DIR; };
		CABF826E1ECED84700065A08 /* SpeechToText.entitlements */ = {isa = PBXFileReference; lastKnownFileType = text.plist.entitlements; path = SpeechToText.entitlements; sourceTree = "<group>"; };
		CABF826F1ECED87800065A08 /* SpeechToTextAction.entitlements */ = {isa = PBXFileReference; lastKnownFileType = text.plist.entitlements; path = SpeechToTextAction.entitlements; sourceTree = "<group>"; };
		CAC259491F69C89B007C4BB3 /* SpeechRecognizer.swift */ = {isa = PBXFileReference; fileEncoding = 4; lastKnownFileType = sourcecode.swift; path = SpeechRecognizer.swift; sourceTree = "<group>"; };
		CAC2594B1F69C954007C4BB3 /* Util.swift */ = {isa = PBXFileReference; fileEncoding = 4; lastKnownFileType = sourcecode.swift; path = Util.swift; sourceTree = "<group>"; };
		CAE1499D1ECDB5A600162D3E /* Transcript.swift */ = {isa = PBXFileReference; fileEncoding = 4; lastKnownFileType = sourcecode.swift; path = Transcript.swift; sourceTree = "<group>"; };
		D699379F43F70F3116FA70BD /* Pods-SpeechToText.debug.xcconfig */ = {isa = PBXFileReference; includeInIndex = 1; lastKnownFileType = text.xcconfig; name = "Pods-SpeechToText.debug.xcconfig"; path = "Target Support Files/Pods-SpeechToText/Pods-SpeechToText.debug.xcconfig"; sourceTree = "<group>"; };
		E1CEA7DC066643B17128F140 /* Pods_SpeechToTextUITests.framework */ = {isa = PBXFileReference; explicitFileType = wrapper.framework; includeInIndex = 0; path = Pods_SpeechToTextUITests.framework; sourceTree = BUILT_PRODUCTS_DIR; };
		FF163859FE65B122C823CF16 /* Pods-SpeechToTextUITests.debug.xcconfig */ = {isa = PBXFileReference; includeInIndex = 1; lastKnownFileType = text.xcconfig; name = "Pods-SpeechToTextUITests.debug.xcconfig"; path = "Target Support Files/Pods-SpeechToTextUITests/Pods-SpeechToTextUITests.debug.xcconfig"; sourceTree = "<group>"; };
/* End PBXFileReference section */

/* Begin PBXFrameworksBuildPhase section */
		CAAEE4121EC1CDEE00292860 /* Frameworks */ = {
			isa = PBXFrameworksBuildPhase;
			buildActionMask = 2147483647;
			files = (
				93F9B9C8068157C00F009193 /* Pods_SpeechToText.framework in Frameworks */,
			);
			runOnlyForDeploymentPostprocessing = 0;
		};
		CAAEE4261EC1CDEF00292860 /* Frameworks */ = {
			isa = PBXFrameworksBuildPhase;
			buildActionMask = 2147483647;
			files = (
				162135B2CD07D5E6351788E2 /* Pods_SpeechToTextTests.framework in Frameworks */,
			);
			runOnlyForDeploymentPostprocessing = 0;
		};
		CAAEE4311EC1CDEF00292860 /* Frameworks */ = {
			isa = PBXFrameworksBuildPhase;
			buildActionMask = 2147483647;
			files = (
				0A585B5E30A2C6B08D716063 /* Pods_SpeechToTextUITests.framework in Frameworks */,
			);
			runOnlyForDeploymentPostprocessing = 0;
		};
		CAAEE46C1EC22F7A00292860 /* Frameworks */ = {
			isa = PBXFrameworksBuildPhase;
			buildActionMask = 2147483647;
			files = (
				CE70B6A633029FB5F6E875B6 /* Pods_SpeechToTextAction.framework in Frameworks */,
			);
			runOnlyForDeploymentPostprocessing = 0;
		};
/* End PBXFrameworksBuildPhase section */

/* Begin PBXGroup section */
		3300623805E133B39DB3AF81 /* Frameworks */ = {
			isa = PBXGroup;
			children = (
				05B1293722306D70000D2C96 /* googleapis.framework */,
				05B1293522306D4D000D2C96 /* googleapis.framework */,
				AC372E5180A19E87F864EBD7 /* Pods_SpeechToText.framework */,
				78221CBC1F7B468982C32DEF /* Pods_SpeechToTextAction.framework */,
				102B75D4BE22D2E018BA6BF5 /* Pods_SpeechToTextTests.framework */,
				E1CEA7DC066643B17128F140 /* Pods_SpeechToTextUITests.framework */,
			);
			name = Frameworks;
			sourceTree = "<group>";
		};
		62C46D3AB368651A28F02D4B /* Pods */ = {
			isa = PBXGroup;
			children = (
				D699379F43F70F3116FA70BD /* Pods-SpeechToText.debug.xcconfig */,
				942C50135532A4252FC7CB41 /* Pods-SpeechToText.release.xcconfig */,
				A4090C620CDDED2508D905CD /* Pods-SpeechToTextAction.debug.xcconfig */,
				3C6F1C4FFA21BCEF4DA30936 /* Pods-SpeechToTextAction.release.xcconfig */,
				9FFBCF0324B051306B313B05 /* Pods-SpeechToTextTests.debug.xcconfig */,
				858990D0E3E32510BAB5E473 /* Pods-SpeechToTextTests.release.xcconfig */,
				FF163859FE65B122C823CF16 /* Pods-SpeechToTextUITests.debug.xcconfig */,
				1449FDC256E9E6E73F250CE5 /* Pods-SpeechToTextUITests.release.xcconfig */,
			);
			path = Pods;
			sourceTree = "<group>";
		};
		CA20C7AF1F7104E2005CAA48 /* audio */ = {
			isa = PBXGroup;
			children = (
				05A1936D2158160500B2199F /* 59secondsofsilence.ogg */,
				05A1936B21580BB900B2199F /* twominsofsilence.ogg */,
				05D70FD7224FF9C3003587C2 /* overoneminute.opus */,
				CA20C7B01F7104E2005CAA48 /* test.m4a */,
				CA20C7B11F7104E2005CAA48 /* test.ogg */,
				CA20C7B21F7104E2005CAA48 /* test.opus */,
			);
			path = audio;
			sourceTree = "<group>";
		};
		CAAEE40C1EC1CDEE00292860 = {
			isa = PBXGroup;
			children = (
				CAAEE4171EC1CDEF00292860 /* SpeechToText */,
				CAAEE42C1EC1CDEF00292860 /* SpeechToTextTests */,
				CAAEE4371EC1CDEF00292860 /* SpeechToTextUITests */,
				CAAEE4701EC22F7A00292860 /* SpeechToTextAction */,
				CAAEE4161EC1CDEF00292860 /* Products */,
				62C46D3AB368651A28F02D4B /* Pods */,
				3300623805E133B39DB3AF81 /* Frameworks */,
			);
			sourceTree = "<group>";
		};
		CAAEE4161EC1CDEF00292860 /* Products */ = {
			isa = PBXGroup;
			children = (
				CAAEE4151EC1CDEF00292860 /* SpeechToText.app */,
				CAAEE4291EC1CDEF00292860 /* SpeechToTextTests.xctest */,
				CAAEE4341EC1CDEF00292860 /* SpeechToTextUITests.xctest */,
				CAAEE46F1EC22F7A00292860 /* SpeechToTextAction.appex */,
			);
			name = Products;
			sourceTree = "<group>";
		};
		CAAEE4171EC1CDEF00292860 /* SpeechToText */ = {
			isa = PBXGroup;
			children = (
				CA35C94B1F5EF552004B5A32 /* InfoPlist.strings */,
				CA35C9401F5EF551004B5A32 /* Localizable.strings */,
				CA52DEC61F0B766000D96FEC /* Settings.bundle */,
				CABF826E1ECED84700065A08 /* SpeechToText.entitlements */,
				CAAEE4181EC1CDEF00292860 /* AppDelegate.swift */,
				CAAEE41A1EC1CDEF00292860 /* ViewController.swift */,
				CAE1499D1ECDB5A600162D3E /* Transcript.swift */,
				CAA9CE451F5FF84A0044AF54 /* Settings.swift */,
				CAAEE41C1EC1CDEF00292860 /* Main.storyboard */,
				CAAEE41F1EC1CDEF00292860 /* Assets.xcassets */,
				CAAEE4211EC1CDEF00292860 /* LaunchScreen.storyboard */,
				CAAEE4241EC1CDEF00292860 /* Info.plist */,
			);
			path = SpeechToText;
			sourceTree = "<group>";
		};
		CAAEE42C1EC1CDEF00292860 /* SpeechToTextTests */ = {
			isa = PBXGroup;
			children = (
				CA20C7AF1F7104E2005CAA48 /* audio */,
				CAAEE42D1EC1CDEF00292860 /* SpeechToTextTests.swift */,
				CAAEE42F1EC1CDEF00292860 /* Info.plist */,
			);
			path = SpeechToTextTests;
			sourceTree = "<group>";
		};
		CAAEE4371EC1CDEF00292860 /* SpeechToTextUITests */ = {
			isa = PBXGroup;
			children = (
				CAAEE4381EC1CDEF00292860 /* SpeechToTextUITests.swift */,
				CAAEE43A1EC1CDEF00292860 /* Info.plist */,
			);
			path = SpeechToTextUITests;
			sourceTree = "<group>";
		};
		CAAEE4701EC22F7A00292860 /* SpeechToTextAction */ = {
			isa = PBXGroup;
			children = (
				0546A02B2221CFE50099EFFC /* MainInterface.storyboard */,
				0546A0292221CFE50099EFFC /* ActionViewController.swift */,
				CA35C9551F5EF9CF004B5A32 /* Localizable.strings */,
				CABF826F1ECED87800065A08 /* SpeechToTextAction.entitlements */,
				0598AC572221F6DA006DD000 /* Info.plist */,
				CAC259491F69C89B007C4BB3 /* SpeechRecognizer.swift */,
				05F45CF622229ECA00ECBBAD /* GoogleJsonSpeechRecognizer.swift */,
				0516688E222DCE060054FA5A /* GoogleStreamingSpeechRecognizer.swift */,
				CAC2594B1F69C954007C4BB3 /* Util.swift */,
				05F45CF822229F0900ECBBAD /* AppleSpeechRecognizer.swift */,
			);
			path = SpeechToTextAction;
			sourceTree = "<group>";
		};
/* End PBXGroup section */

/* Begin PBXNativeTarget section */
		CAAEE4141EC1CDEE00292860 /* SpeechToText */ = {
			isa = PBXNativeTarget;
			buildConfigurationList = CAAEE43D1EC1CDEF00292860 /* Build configuration list for PBXNativeTarget "SpeechToText" */;
			buildPhases = (
				DB791B09C3601E8E08FA090F /* [CP] Check Pods Manifest.lock */,
				CAAEE4111EC1CDEE00292860 /* Sources */,
				CAAEE4121EC1CDEE00292860 /* Frameworks */,
				CAAEE4131EC1CDEE00292860 /* Resources */,
				CAAEE4581EC2067600292860 /* Embed App Extensions */,
				9BB2774B3894108BB1753991 /* [CP] Embed Pods Frameworks */,
			);
			buildRules = (
			);
			dependencies = (
				CAAEE4771EC22F7A00292860 /* PBXTargetDependency */,
			);
			name = SpeechToText;
			productName = SpeechToText;
			productReference = CAAEE4151EC1CDEF00292860 /* SpeechToText.app */;
			productType = "com.apple.product-type.application";
		};
		CAAEE4281EC1CDEF00292860 /* SpeechToTextTests */ = {
			isa = PBXNativeTarget;
			buildConfigurationList = CAAEE4401EC1CDEF00292860 /* Build configuration list for PBXNativeTarget "SpeechToTextTests" */;
			buildPhases = (
				530CB5DD377E8BCA178B930D /* [CP] Check Pods Manifest.lock */,
				CAAEE4251EC1CDEF00292860 /* Sources */,
				CAAEE4261EC1CDEF00292860 /* Frameworks */,
				CAAEE4271EC1CDEF00292860 /* Resources */,
			);
			buildRules = (
			);
			dependencies = (
				CAAEE42B1EC1CDEF00292860 /* PBXTargetDependency */,
			);
			name = SpeechToTextTests;
			productName = SpeechToTextTests;
			productReference = CAAEE4291EC1CDEF00292860 /* SpeechToTextTests.xctest */;
			productType = "com.apple.product-type.bundle.unit-test";
		};
		CAAEE4331EC1CDEF00292860 /* SpeechToTextUITests */ = {
			isa = PBXNativeTarget;
			buildConfigurationList = CAAEE4431EC1CDEF00292860 /* Build configuration list for PBXNativeTarget "SpeechToTextUITests" */;
			buildPhases = (
				76E7F2C6EA2B1F3DF3140C27 /* [CP] Check Pods Manifest.lock */,
				CAAEE4301EC1CDEF00292860 /* Sources */,
				CAAEE4311EC1CDEF00292860 /* Frameworks */,
				CAAEE4321EC1CDEF00292860 /* Resources */,
			);
			buildRules = (
			);
			dependencies = (
				CAAEE4361EC1CDEF00292860 /* PBXTargetDependency */,
			);
			name = SpeechToTextUITests;
			productName = SpeechToTextUITests;
			productReference = CAAEE4341EC1CDEF00292860 /* SpeechToTextUITests.xctest */;
			productType = "com.apple.product-type.bundle.ui-testing";
		};
		CAAEE46E1EC22F7A00292860 /* SpeechToTextAction */ = {
			isa = PBXNativeTarget;
			buildConfigurationList = CAAEE4791EC22F7A00292860 /* Build configuration list for PBXNativeTarget "SpeechToTextAction" */;
			buildPhases = (
				994D323A156737FF44686188 /* [CP] Check Pods Manifest.lock */,
				CAAEE46B1EC22F7A00292860 /* Sources */,
				CAAEE46C1EC22F7A00292860 /* Frameworks */,
				CAAEE46D1EC22F7A00292860 /* Resources */,
			);
			buildRules = (
			);
			dependencies = (
			);
			name = SpeechToTextAction;
			productName = SpeechToTextAction;
			productReference = CAAEE46F1EC22F7A00292860 /* SpeechToTextAction.appex */;
			productType = "com.apple.product-type.app-extension";
		};
/* End PBXNativeTarget section */

/* Begin PBXProject section */
		CAAEE40D1EC1CDEE00292860 /* Project object */ = {
			isa = PBXProject;
			attributes = {
				LastSwiftUpdateCheck = 1010;
				LastUpgradeCheck = 1010;
				ORGANIZATIONNAME = "Jakob Stoeck";
				TargetAttributes = {
					CAAEE4141EC1CDEE00292860 = {
						CreatedOnToolsVersion = 8.3.2;
						DevelopmentTeam = 5SCE44WH8R;
						LastSwiftMigration = 1020;
						ProvisioningStyle = Automatic;
						SystemCapabilities = {
							com.apple.ApplicationGroups.iOS = {
								enabled = 1;
							};
						};
					};
					CAAEE4281EC1CDEF00292860 = {
						CreatedOnToolsVersion = 8.3.2;
						LastSwiftMigration = 1020;
						ProvisioningStyle = Automatic;
						TestTargetID = CAAEE4141EC1CDEE00292860;
					};
					CAAEE4331EC1CDEF00292860 = {
						CreatedOnToolsVersion = 8.3.2;
						LastSwiftMigration = 1020;
						ProvisioningStyle = Automatic;
						TestTargetID = CAAEE4141EC1CDEE00292860;
					};
					CAAEE46E1EC22F7A00292860 = {
						CreatedOnToolsVersion = 8.3.2;
						DevelopmentTeam = 5SCE44WH8R;
						LastSwiftMigration = 1020;
						ProvisioningStyle = Automatic;
						SystemCapabilities = {
							com.apple.ApplicationGroups.iOS = {
								enabled = 1;
							};
						};
					};
				};
			};
			buildConfigurationList = CAAEE4101EC1CDEE00292860 /* Build configuration list for PBXProject "SpeechToText" */;
			compatibilityVersion = "Xcode 3.2";
			developmentRegion = en;
			hasScannedForEncodings = 0;
			knownRegions = (
				en,
				Base,
				de,
			);
			mainGroup = CAAEE40C1EC1CDEE00292860;
			productRefGroup = CAAEE4161EC1CDEF00292860 /* Products */;
			projectDirPath = "";
			projectRoot = "";
			targets = (
				CAAEE4141EC1CDEE00292860 /* SpeechToText */,
				CAAEE46E1EC22F7A00292860 /* SpeechToTextAction */,
				CAAEE4281EC1CDEF00292860 /* SpeechToTextTests */,
				CAAEE4331EC1CDEF00292860 /* SpeechToTextUITests */,
			);
		};
/* End PBXProject section */

/* Begin PBXResourcesBuildPhase section */
		CAAEE4131EC1CDEE00292860 /* Resources */ = {
			isa = PBXResourcesBuildPhase;
			buildActionMask = 2147483647;
			files = (
				CA35C93E1F5EF551004B5A32 /* Localizable.strings in Resources */,
				CA35C9491F5EF552004B5A32 /* InfoPlist.strings in Resources */,
				CA52DEC71F0B766000D96FEC /* Settings.bundle in Resources */,
				CAAEE4231EC1CDEF00292860 /* LaunchScreen.storyboard in Resources */,
				CAAEE4201EC1CDEF00292860 /* Assets.xcassets in Resources */,
				CAAEE41E1EC1CDEF00292860 /* Main.storyboard in Resources */,
			);
			runOnlyForDeploymentPostprocessing = 0;
		};
		CAAEE4271EC1CDEF00292860 /* Resources */ = {
			isa = PBXResourcesBuildPhase;
			buildActionMask = 2147483647;
			files = (
				05D70FD8224FF9C4003587C2 /* overoneminute.opus in Resources */,
				05A1936C21580BB900B2199F /* twominsofsilence.ogg in Resources */,
				CA20C7B31F7104E2005CAA48 /* test.m4a in Resources */,
				057285CD2221F3AC0020B2BF /* Localizable.strings in Resources */,
				CA20C7B41F7104E2005CAA48 /* test.ogg in Resources */,
				CA20C7B51F7104E2005CAA48 /* test.opus in Resources */,
				05A1936E2158160500B2199F /* 59secondsofsilence.ogg in Resources */,
			);
			runOnlyForDeploymentPostprocessing = 0;
		};
		CAAEE4321EC1CDEF00292860 /* Resources */ = {
			isa = PBXResourcesBuildPhase;
			buildActionMask = 2147483647;
			files = (
			);
			runOnlyForDeploymentPostprocessing = 0;
		};
		CAAEE46D1EC22F7A00292860 /* Resources */ = {
			isa = PBXResourcesBuildPhase;
			buildActionMask = 2147483647;
			files = (
				CA52DEC81F0B766000D96FEC /* Settings.bundle in Resources */,
				056622ED222200F800D566DE /* MainInterface.storyboard in Resources */,
				CA35C9531F5EF9CF004B5A32 /* Localizable.strings in Resources */,
				CA5741AE1EC4A5C800F5CE3C /* Assets.xcassets in Resources */,
			);
			runOnlyForDeploymentPostprocessing = 0;
		};
/* End PBXResourcesBuildPhase section */

/* Begin PBXShellScriptBuildPhase section */
		530CB5DD377E8BCA178B930D /* [CP] Check Pods Manifest.lock */ = {
			isa = PBXShellScriptBuildPhase;
			buildActionMask = 2147483647;
			files = (
			);
			inputFileListPaths = (
			);
			inputPaths = (
				"${PODS_PODFILE_DIR_PATH}/Podfile.lock",
				"${PODS_ROOT}/Manifest.lock",
			);
			name = "[CP] Check Pods Manifest.lock";
			outputFileListPaths = (
			);
			outputPaths = (
				"$(DERIVED_FILE_DIR)/Pods-SpeechToTextTests-checkManifestLockResult.txt",
			);
			runOnlyForDeploymentPostprocessing = 0;
			shellPath = /bin/sh;
			shellScript = "diff \"${PODS_PODFILE_DIR_PATH}/Podfile.lock\" \"${PODS_ROOT}/Manifest.lock\" > /dev/null\nif [ $? != 0 ] ; then\n    # print error to STDERR\n    echo \"error: The sandbox is not in sync with the Podfile.lock. Run 'pod install' or update your CocoaPods installation.\" >&2\n    exit 1\nfi\n# This output is used by Xcode 'outputs' to avoid re-running this script phase.\necho \"SUCCESS\" > \"${SCRIPT_OUTPUT_FILE_0}\"\n";
			showEnvVarsInLog = 0;
		};
		76E7F2C6EA2B1F3DF3140C27 /* [CP] Check Pods Manifest.lock */ = {
			isa = PBXShellScriptBuildPhase;
			buildActionMask = 2147483647;
			files = (
			);
			inputFileListPaths = (
			);
			inputPaths = (
				"${PODS_PODFILE_DIR_PATH}/Podfile.lock",
				"${PODS_ROOT}/Manifest.lock",
			);
			name = "[CP] Check Pods Manifest.lock";
			outputFileListPaths = (
			);
			outputPaths = (
				"$(DERIVED_FILE_DIR)/Pods-SpeechToTextUITests-checkManifestLockResult.txt",
			);
			runOnlyForDeploymentPostprocessing = 0;
			shellPath = /bin/sh;
			shellScript = "diff \"${PODS_PODFILE_DIR_PATH}/Podfile.lock\" \"${PODS_ROOT}/Manifest.lock\" > /dev/null\nif [ $? != 0 ] ; then\n    # print error to STDERR\n    echo \"error: The sandbox is not in sync with the Podfile.lock. Run 'pod install' or update your CocoaPods installation.\" >&2\n    exit 1\nfi\n# This output is used by Xcode 'outputs' to avoid re-running this script phase.\necho \"SUCCESS\" > \"${SCRIPT_OUTPUT_FILE_0}\"\n";
			showEnvVarsInLog = 0;
		};
		994D323A156737FF44686188 /* [CP] Check Pods Manifest.lock */ = {
			isa = PBXShellScriptBuildPhase;
			buildActionMask = 2147483647;
			files = (
			);
			inputFileListPaths = (
			);
			inputPaths = (
				"${PODS_PODFILE_DIR_PATH}/Podfile.lock",
				"${PODS_ROOT}/Manifest.lock",
			);
			name = "[CP] Check Pods Manifest.lock";
			outputFileListPaths = (
			);
			outputPaths = (
				"$(DERIVED_FILE_DIR)/Pods-SpeechToTextAction-checkManifestLockResult.txt",
			);
			runOnlyForDeploymentPostprocessing = 0;
			shellPath = /bin/sh;
			shellScript = "diff \"${PODS_PODFILE_DIR_PATH}/Podfile.lock\" \"${PODS_ROOT}/Manifest.lock\" > /dev/null\nif [ $? != 0 ] ; then\n    # print error to STDERR\n    echo \"error: The sandbox is not in sync with the Podfile.lock. Run 'pod install' or update your CocoaPods installation.\" >&2\n    exit 1\nfi\n# This output is used by Xcode 'outputs' to avoid re-running this script phase.\necho \"SUCCESS\" > \"${SCRIPT_OUTPUT_FILE_0}\"\n";
			showEnvVarsInLog = 0;
		};
		9BB2774B3894108BB1753991 /* [CP] Embed Pods Frameworks */ = {
			isa = PBXShellScriptBuildPhase;
			buildActionMask = 2147483647;
			files = (
			);
			inputFileListPaths = (
			);
			inputPaths = (
				"${PODS_ROOT}/Target Support Files/Pods-SpeechToText/Pods-SpeechToText-frameworks.sh",
				"${BUILT_PRODUCTS_DIR}/BoringSSL-GRPC/openssl_grpc.framework",
				"${BUILT_PRODUCTS_DIR}/Keys/Keys.framework",
				"${BUILT_PRODUCTS_DIR}/Protobuf/Protobuf.framework",
				"${BUILT_PRODUCTS_DIR}/gRPC/GRPCClient.framework",
				"${BUILT_PRODUCTS_DIR}/gRPC-Core/grpc.framework",
				"${BUILT_PRODUCTS_DIR}/gRPC-ProtoRPC/ProtoRPC.framework",
				"${BUILT_PRODUCTS_DIR}/gRPC-RxLibrary/RxLibrary.framework",
				"${BUILT_PRODUCTS_DIR}/googleapis/googleapis.framework",
				"${BUILT_PRODUCTS_DIR}/nanopb/nanopb.framework",
			);
			name = "[CP] Embed Pods Frameworks";
			outputFileListPaths = (
			);
			outputPaths = (
				"${TARGET_BUILD_DIR}/${FRAMEWORKS_FOLDER_PATH}/openssl_grpc.framework",
				"${TARGET_BUILD_DIR}/${FRAMEWORKS_FOLDER_PATH}/Keys.framework",
				"${TARGET_BUILD_DIR}/${FRAMEWORKS_FOLDER_PATH}/Protobuf.framework",
				"${TARGET_BUILD_DIR}/${FRAMEWORKS_FOLDER_PATH}/GRPCClient.framework",
				"${TARGET_BUILD_DIR}/${FRAMEWORKS_FOLDER_PATH}/grpc.framework",
				"${TARGET_BUILD_DIR}/${FRAMEWORKS_FOLDER_PATH}/ProtoRPC.framework",
				"${TARGET_BUILD_DIR}/${FRAMEWORKS_FOLDER_PATH}/RxLibrary.framework",
				"${TARGET_BUILD_DIR}/${FRAMEWORKS_FOLDER_PATH}/googleapis.framework",
				"${TARGET_BUILD_DIR}/${FRAMEWORKS_FOLDER_PATH}/nanopb.framework",
			);
			runOnlyForDeploymentPostprocessing = 0;
			shellPath = /bin/sh;
			shellScript = "\"${PODS_ROOT}/Target Support Files/Pods-SpeechToText/Pods-SpeechToText-frameworks.sh\"\n";
			showEnvVarsInLog = 0;
		};
		DB791B09C3601E8E08FA090F /* [CP] Check Pods Manifest.lock */ = {
			isa = PBXShellScriptBuildPhase;
			buildActionMask = 2147483647;
			files = (
			);
			inputFileListPaths = (
			);
			inputPaths = (
				"${PODS_PODFILE_DIR_PATH}/Podfile.lock",
				"${PODS_ROOT}/Manifest.lock",
			);
			name = "[CP] Check Pods Manifest.lock";
			outputFileListPaths = (
			);
			outputPaths = (
				"$(DERIVED_FILE_DIR)/Pods-SpeechToText-checkManifestLockResult.txt",
			);
			runOnlyForDeploymentPostprocessing = 0;
			shellPath = /bin/sh;
			shellScript = "diff \"${PODS_PODFILE_DIR_PATH}/Podfile.lock\" \"${PODS_ROOT}/Manifest.lock\" > /dev/null\nif [ $? != 0 ] ; then\n    # print error to STDERR\n    echo \"error: The sandbox is not in sync with the Podfile.lock. Run 'pod install' or update your CocoaPods installation.\" >&2\n    exit 1\nfi\n# This output is used by Xcode 'outputs' to avoid re-running this script phase.\necho \"SUCCESS\" > \"${SCRIPT_OUTPUT_FILE_0}\"\n";
			showEnvVarsInLog = 0;
		};
/* End PBXShellScriptBuildPhase section */

/* Begin PBXSourcesBuildPhase section */
		CAAEE4111EC1CDEE00292860 /* Sources */ = {
			isa = PBXSourcesBuildPhase;
			buildActionMask = 2147483647;
			files = (
				CAAEE41B1EC1CDEF00292860 /* ViewController.swift in Sources */,
				CAAEE4191EC1CDEF00292860 /* AppDelegate.swift in Sources */,
				CAA9CE461F5FF84A0044AF54 /* Settings.swift in Sources */,
				CAE1499E1ECDB5A600162D3E /* Transcript.swift in Sources */,
			);
			runOnlyForDeploymentPostprocessing = 0;
		};
		CAAEE4251EC1CDEF00292860 /* Sources */ = {
			isa = PBXSourcesBuildPhase;
			buildActionMask = 2147483647;
			files = (
				CAAEE42E1EC1CDEF00292860 /* SpeechToTextTests.swift in Sources */,
				05166890222DCE070054FA5A /* GoogleStreamingSpeechRecognizer.swift in Sources */,
				CAC2594D1F69D3E4007C4BB3 /* SpeechRecognizer.swift in Sources */,
				CAC259511F69D836007C4BB3 /* Util.swift in Sources */,
				050E0C41224A7425006CF681 /* GoogleJsonSpeechRecognizer.swift in Sources */,
				CAC2594F1F69D829007C4BB3 /* Settings.swift in Sources */,
				050E0C40224A73D2006CF681 /* AppleSpeechRecognizer.swift in Sources */,
				CAC2594E1F69D825007C4BB3 /* Transcript.swift in Sources */,
			);
			runOnlyForDeploymentPostprocessing = 0;
		};
		CAAEE4301EC1CDEF00292860 /* Sources */ = {
			isa = PBXSourcesBuildPhase;
			buildActionMask = 2147483647;
			files = (
				CAAEE4391EC1CDEF00292860 /* SpeechToTextUITests.swift in Sources */,
			);
			runOnlyForDeploymentPostprocessing = 0;
		};
		CAAEE46B1EC22F7A00292860 /* Sources */ = {
			isa = PBXSourcesBuildPhase;
			buildActionMask = 2147483647;
			files = (
				CAFD70081F60176F007862D8 /* Settings.swift in Sources */,
				057285CE2221F3B20020B2BF /* ActionViewController.swift in Sources */,
				CAC2594A1F69C89B007C4BB3 /* SpeechRecognizer.swift in Sources */,
				0516688F222DCE070054FA5A /* GoogleStreamingSpeechRecognizer.swift in Sources */,
				CAC2594C1F69C954007C4BB3 /* Util.swift in Sources */,
				05F45CF722229ECA00ECBBAD /* GoogleJsonSpeechRecognizer.swift in Sources */,
				05F45CF922229F0900ECBBAD /* AppleSpeechRecognizer.swift in Sources */,
				CAE1499F1ECDB5A600162D3E /* Transcript.swift in Sources */,
			);
			runOnlyForDeploymentPostprocessing = 0;
		};
/* End PBXSourcesBuildPhase section */

/* Begin PBXTargetDependency section */
		CAAEE42B1EC1CDEF00292860 /* PBXTargetDependency */ = {
			isa = PBXTargetDependency;
			target = CAAEE4141EC1CDEE00292860 /* SpeechToText */;
			targetProxy = CAAEE42A1EC1CDEF00292860 /* PBXContainerItemProxy */;
		};
		CAAEE4361EC1CDEF00292860 /* PBXTargetDependency */ = {
			isa = PBXTargetDependency;
			target = CAAEE4141EC1CDEE00292860 /* SpeechToText */;
			targetProxy = CAAEE4351EC1CDEF00292860 /* PBXContainerItemProxy */;
		};
		CAAEE4771EC22F7A00292860 /* PBXTargetDependency */ = {
			isa = PBXTargetDependency;
			target = CAAEE46E1EC22F7A00292860 /* SpeechToTextAction */;
			targetProxy = CAAEE4761EC22F7A00292860 /* PBXContainerItemProxy */;
		};
/* End PBXTargetDependency section */

/* Begin PBXVariantGroup section */
		0546A02B2221CFE50099EFFC /* MainInterface.storyboard */ = {
			isa = PBXVariantGroup;
			children = (
				0546A02C2221CFE50099EFFC /* Base */,
				056622EC2221FEA100D566DE /* de */,
			);
			name = MainInterface.storyboard;
			sourceTree = "<group>";
		};
		CA35C9401F5EF551004B5A32 /* Localizable.strings */ = {
			isa = PBXVariantGroup;
			children = (
				CA35C93F1F5EF551004B5A32 /* de */,
			);
			name = Localizable.strings;
			sourceTree = "<group>";
		};
		CA35C94B1F5EF552004B5A32 /* InfoPlist.strings */ = {
			isa = PBXVariantGroup;
			children = (
				CA35C94A1F5EF552004B5A32 /* de */,
			);
			name = InfoPlist.strings;
			sourceTree = "<group>";
		};
		CA35C9551F5EF9CF004B5A32 /* Localizable.strings */ = {
			isa = PBXVariantGroup;
			children = (
				CA35C9541F5EF9CF004B5A32 /* de */,
			);
			name = Localizable.strings;
			sourceTree = "<group>";
		};
		CAAEE41C1EC1CDEF00292860 /* Main.storyboard */ = {
			isa = PBXVariantGroup;
			children = (
				CAAEE41D1EC1CDEF00292860 /* Base */,
				CA6C1ACC1F5EEE1C003A97FE /* de */,
			);
			name = Main.storyboard;
			sourceTree = "<group>";
		};
		CAAEE4211EC1CDEF00292860 /* LaunchScreen.storyboard */ = {
			isa = PBXVariantGroup;
			children = (
				CAAEE4221EC1CDEF00292860 /* Base */,
				CA35C9461F5EF552004B5A32 /* de */,
			);
			name = LaunchScreen.storyboard;
			sourceTree = "<group>";
		};
/* End PBXVariantGroup section */

/* Begin XCBuildConfiguration section */
		CAAEE43B1EC1CDEF00292860 /* Debug */ = {
			isa = XCBuildConfiguration;
			buildSettings = {
				ALWAYS_SEARCH_USER_PATHS = NO;
				CLANG_ANALYZER_LOCALIZABILITY_NONLOCALIZED = YES;
				CLANG_ANALYZER_NONNULL = YES;
				CLANG_ANALYZER_NUMBER_OBJECT_CONVERSION = YES_AGGRESSIVE;
				CLANG_CXX_LANGUAGE_STANDARD = "gnu++0x";
				CLANG_CXX_LIBRARY = "libc++";
				CLANG_ENABLE_MODULES = YES;
				CLANG_ENABLE_OBJC_ARC = YES;
				CLANG_WARN_BLOCK_CAPTURE_AUTORELEASING = YES;
				CLANG_WARN_BOOL_CONVERSION = YES;
				CLANG_WARN_COMMA = YES;
				CLANG_WARN_CONSTANT_CONVERSION = YES;
				CLANG_WARN_DEPRECATED_OBJC_IMPLEMENTATIONS = YES;
				CLANG_WARN_DIRECT_OBJC_ISA_USAGE = YES_ERROR;
				CLANG_WARN_DOCUMENTATION_COMMENTS = YES;
				CLANG_WARN_EMPTY_BODY = YES;
				CLANG_WARN_ENUM_CONVERSION = YES;
				CLANG_WARN_INFINITE_RECURSION = YES;
				CLANG_WARN_INT_CONVERSION = YES;
				CLANG_WARN_NON_LITERAL_NULL_CONVERSION = YES;
				CLANG_WARN_OBJC_IMPLICIT_RETAIN_SELF = YES;
				CLANG_WARN_OBJC_LITERAL_CONVERSION = YES;
				CLANG_WARN_OBJC_ROOT_CLASS = YES_ERROR;
				CLANG_WARN_RANGE_LOOP_ANALYSIS = YES;
				CLANG_WARN_STRICT_PROTOTYPES = YES;
				CLANG_WARN_SUSPICIOUS_MOVE = YES;
				CLANG_WARN_UNREACHABLE_CODE = YES;
				CLANG_WARN__DUPLICATE_METHOD_MATCH = YES;
				"CODE_SIGN_IDENTITY[sdk=iphoneos*]" = "iPhone Developer";
				COPY_PHASE_STRIP = NO;
				CURRENT_PROJECT_VERSION = 1.1;
				DEBUG_INFORMATION_FORMAT = dwarf;
				ENABLE_STRICT_OBJC_MSGSEND = YES;
				ENABLE_TESTABILITY = YES;
				GCC_C_LANGUAGE_STANDARD = gnu99;
				GCC_DYNAMIC_NO_PIC = NO;
				GCC_NO_COMMON_BLOCKS = YES;
				GCC_OPTIMIZATION_LEVEL = 0;
				GCC_PREPROCESSOR_DEFINITIONS = (
					"DEBUG=1",
					"$(inherited)",
				);
				GCC_WARN_64_TO_32_BIT_CONVERSION = YES;
				GCC_WARN_ABOUT_RETURN_TYPE = YES_ERROR;
				GCC_WARN_UNDECLARED_SELECTOR = YES;
				GCC_WARN_UNINITIALIZED_AUTOS = YES_AGGRESSIVE;
				GCC_WARN_UNUSED_FUNCTION = YES;
				GCC_WARN_UNUSED_VARIABLE = YES;
				IPHONEOS_DEPLOYMENT_TARGET = 10.3;
				MTL_ENABLE_DEBUG_INFO = YES;
				ONLY_ACTIVE_ARCH = YES;
				OTHER_SWIFT_FLAGS = "";
				SDKROOT = iphoneos;
				SWIFT_ACTIVE_COMPILATION_CONDITIONS = DEBUG;
				SWIFT_OPTIMIZATION_LEVEL = "-Onone";
				SWIFT_VERSION = 5.0;
				TARGETED_DEVICE_FAMILY = "1,2";
				VERSIONING_SYSTEM = "apple-generic";
			};
			name = Debug;
		};
		CAAEE43C1EC1CDEF00292860 /* Release */ = {
			isa = XCBuildConfiguration;
			buildSettings = {
				ALWAYS_SEARCH_USER_PATHS = NO;
				CLANG_ANALYZER_LOCALIZABILITY_NONLOCALIZED = YES;
				CLANG_ANALYZER_NONNULL = YES;
				CLANG_ANALYZER_NUMBER_OBJECT_CONVERSION = YES_AGGRESSIVE;
				CLANG_CXX_LANGUAGE_STANDARD = "gnu++0x";
				CLANG_CXX_LIBRARY = "libc++";
				CLANG_ENABLE_MODULES = YES;
				CLANG_ENABLE_OBJC_ARC = YES;
				CLANG_WARN_BLOCK_CAPTURE_AUTORELEASING = YES;
				CLANG_WARN_BOOL_CONVERSION = YES;
				CLANG_WARN_COMMA = YES;
				CLANG_WARN_CONSTANT_CONVERSION = YES;
				CLANG_WARN_DEPRECATED_OBJC_IMPLEMENTATIONS = YES;
				CLANG_WARN_DIRECT_OBJC_ISA_USAGE = YES_ERROR;
				CLANG_WARN_DOCUMENTATION_COMMENTS = YES;
				CLANG_WARN_EMPTY_BODY = YES;
				CLANG_WARN_ENUM_CONVERSION = YES;
				CLANG_WARN_INFINITE_RECURSION = YES;
				CLANG_WARN_INT_CONVERSION = YES;
				CLANG_WARN_NON_LITERAL_NULL_CONVERSION = YES;
				CLANG_WARN_OBJC_IMPLICIT_RETAIN_SELF = YES;
				CLANG_WARN_OBJC_LITERAL_CONVERSION = YES;
				CLANG_WARN_OBJC_ROOT_CLASS = YES_ERROR;
				CLANG_WARN_RANGE_LOOP_ANALYSIS = YES;
				CLANG_WARN_STRICT_PROTOTYPES = YES;
				CLANG_WARN_SUSPICIOUS_MOVE = YES;
				CLANG_WARN_UNREACHABLE_CODE = YES;
				CLANG_WARN__DUPLICATE_METHOD_MATCH = YES;
				"CODE_SIGN_IDENTITY[sdk=iphoneos*]" = "iPhone Developer";
				COPY_PHASE_STRIP = NO;
				CURRENT_PROJECT_VERSION = 1.1;
				DEBUG_INFORMATION_FORMAT = "dwarf-with-dsym";
				ENABLE_NS_ASSERTIONS = NO;
				ENABLE_STRICT_OBJC_MSGSEND = YES;
				GCC_C_LANGUAGE_STANDARD = gnu99;
				GCC_NO_COMMON_BLOCKS = YES;
				GCC_WARN_64_TO_32_BIT_CONVERSION = YES;
				GCC_WARN_ABOUT_RETURN_TYPE = YES_ERROR;
				GCC_WARN_UNDECLARED_SELECTOR = YES;
				GCC_WARN_UNINITIALIZED_AUTOS = YES_AGGRESSIVE;
				GCC_WARN_UNUSED_FUNCTION = YES;
				GCC_WARN_UNUSED_VARIABLE = YES;
				IPHONEOS_DEPLOYMENT_TARGET = 10.3;
				MTL_ENABLE_DEBUG_INFO = NO;
				OTHER_SWIFT_FLAGS = "";
				SDKROOT = iphoneos;
				SWIFT_OPTIMIZATION_LEVEL = "-Owholemodule";
				SWIFT_VERSION = 5.0;
				TARGETED_DEVICE_FAMILY = "1,2";
				VALIDATE_PRODUCT = YES;
				VERSIONING_SYSTEM = "apple-generic";
			};
			name = Release;
		};
		CAAEE43E1EC1CDEF00292860 /* Debug */ = {
			isa = XCBuildConfiguration;
			baseConfigurationReference = D699379F43F70F3116FA70BD /* Pods-SpeechToText.debug.xcconfig */;
			buildSettings = {
				ALWAYS_EMBED_SWIFT_STANDARD_LIBRARIES = YES;
				ASSETCATALOG_COMPILER_APPICON_NAME = AppIcon;
				CODE_SIGN_ENTITLEMENTS = SpeechToText/SpeechToText.entitlements;
				CODE_SIGN_IDENTITY = "iPhone Developer";
				DEVELOPMENT_TEAM = 5SCE44WH8R;
				INFOPLIST_FILE = SpeechToText/Info.plist;
				LD_RUNPATH_SEARCH_PATHS = "$(inherited) @executable_path/Frameworks";
				PRODUCT_BUNDLE_IDENTIFIER = de.jakobstoeck.VoiceToText;
				PRODUCT_NAME = "$(TARGET_NAME)";
				SWIFT_VERSION = 5.0;
				TARGETED_DEVICE_FAMILY = "1,2";
			};
			name = Debug;
		};
		CAAEE43F1EC1CDEF00292860 /* Release */ = {
			isa = XCBuildConfiguration;
			baseConfigurationReference = 942C50135532A4252FC7CB41 /* Pods-SpeechToText.release.xcconfig */;
			buildSettings = {
				ALWAYS_EMBED_SWIFT_STANDARD_LIBRARIES = YES;
				ASSETCATALOG_COMPILER_APPICON_NAME = AppIcon;
				CODE_SIGN_ENTITLEMENTS = SpeechToText/SpeechToText.entitlements;
				CODE_SIGN_IDENTITY = "iPhone Developer";
				DEVELOPMENT_TEAM = 5SCE44WH8R;
				INFOPLIST_FILE = SpeechToText/Info.plist;
				LD_RUNPATH_SEARCH_PATHS = "$(inherited) @executable_path/Frameworks";
				PRODUCT_BUNDLE_IDENTIFIER = de.jakobstoeck.VoiceToText;
				PRODUCT_NAME = "$(TARGET_NAME)";
				SWIFT_VERSION = 5.0;
				TARGETED_DEVICE_FAMILY = "1,2";
			};
			name = Release;
		};
		CAAEE4411EC1CDEF00292860 /* Debug */ = {
			isa = XCBuildConfiguration;
			baseConfigurationReference = 9FFBCF0324B051306B313B05 /* Pods-SpeechToTextTests.debug.xcconfig */;
			buildSettings = {
				ALWAYS_EMBED_SWIFT_STANDARD_LIBRARIES = YES;
				BUNDLE_LOADER = "$(TEST_HOST)";
				INFOPLIST_FILE = SpeechToTextTests/Info.plist;
				LD_RUNPATH_SEARCH_PATHS = "$(inherited) @executable_path/Frameworks @loader_path/Frameworks";
				PRODUCT_BUNDLE_IDENTIFIER = js.SpeechToTextTests;
				PRODUCT_NAME = "$(TARGET_NAME)";
				SWIFT_VERSION = 5.0;
				TEST_HOST = "$(BUILT_PRODUCTS_DIR)/SpeechToText.app/SpeechToText";
			};
			name = Debug;
		};
		CAAEE4421EC1CDEF00292860 /* Release */ = {
			isa = XCBuildConfiguration;
			baseConfigurationReference = 858990D0E3E32510BAB5E473 /* Pods-SpeechToTextTests.release.xcconfig */;
			buildSettings = {
				ALWAYS_EMBED_SWIFT_STANDARD_LIBRARIES = YES;
				BUNDLE_LOADER = "$(TEST_HOST)";
				INFOPLIST_FILE = SpeechToTextTests/Info.plist;
				LD_RUNPATH_SEARCH_PATHS = "$(inherited) @executable_path/Frameworks @loader_path/Frameworks";
				PRODUCT_BUNDLE_IDENTIFIER = js.SpeechToTextTests;
				PRODUCT_NAME = "$(TARGET_NAME)";
				SWIFT_VERSION = 5.0;
				TEST_HOST = "$(BUILT_PRODUCTS_DIR)/SpeechToText.app/SpeechToText";
			};
			name = Release;
		};
		CAAEE4441EC1CDEF00292860 /* Debug */ = {
			isa = XCBuildConfiguration;
			baseConfigurationReference = FF163859FE65B122C823CF16 /* Pods-SpeechToTextUITests.debug.xcconfig */;
			buildSettings = {
				ALWAYS_EMBED_SWIFT_STANDARD_LIBRARIES = YES;
				INFOPLIST_FILE = SpeechToTextUITests/Info.plist;
				LD_RUNPATH_SEARCH_PATHS = "$(inherited) @executable_path/Frameworks @loader_path/Frameworks";
				PRODUCT_BUNDLE_IDENTIFIER = js.SpeechToTextUITests;
				PRODUCT_NAME = "$(TARGET_NAME)";
				SWIFT_VERSION = 5.0;
				TEST_TARGET_NAME = SpeechToText;
			};
			name = Debug;
		};
		CAAEE4451EC1CDEF00292860 /* Release */ = {
			isa = XCBuildConfiguration;
			baseConfigurationReference = 1449FDC256E9E6E73F250CE5 /* Pods-SpeechToTextUITests.release.xcconfig */;
			buildSettings = {
				ALWAYS_EMBED_SWIFT_STANDARD_LIBRARIES = YES;
				INFOPLIST_FILE = SpeechToTextUITests/Info.plist;
				LD_RUNPATH_SEARCH_PATHS = "$(inherited) @executable_path/Frameworks @loader_path/Frameworks";
				PRODUCT_BUNDLE_IDENTIFIER = js.SpeechToTextUITests;
				PRODUCT_NAME = "$(TARGET_NAME)";
				SWIFT_VERSION = 5.0;
				TEST_TARGET_NAME = SpeechToText;
			};
			name = Release;
		};
		CAAEE47A1EC22F7A00292860 /* Debug */ = {
			isa = XCBuildConfiguration;
			baseConfigurationReference = A4090C620CDDED2508D905CD /* Pods-SpeechToTextAction.debug.xcconfig */;
			buildSettings = {
				ASSETCATALOG_COMPILER_APPICON_NAME = "Action Icon";
				CODE_SIGN_ENTITLEMENTS = SpeechToTextAction/SpeechToTextAction.entitlements;
				DEVELOPMENT_TEAM = 5SCE44WH8R;
				INFOPLIST_FILE = SpeechToTextAction/Info.plist;
				LD_RUNPATH_SEARCH_PATHS = "$(inherited) @executable_path/Frameworks @executable_path/../../Frameworks";
				PRODUCT_BUNDLE_IDENTIFIER = de.jakobstoeck.VoiceToText.VoiceToTextAction;
				PRODUCT_NAME = "$(TARGET_NAME)";
				SKIP_INSTALL = YES;
				SWIFT_VERSION = 5.0;
				TARGETED_DEVICE_FAMILY = "1,2";
			};
			name = Debug;
		};
		CAAEE47B1EC22F7A00292860 /* Release */ = {
			isa = XCBuildConfiguration;
			baseConfigurationReference = 3C6F1C4FFA21BCEF4DA30936 /* Pods-SpeechToTextAction.release.xcconfig */;
			buildSettings = {
				ASSETCATALOG_COMPILER_APPICON_NAME = "Action Icon";
				CODE_SIGN_ENTITLEMENTS = SpeechToTextAction/SpeechToTextAction.entitlements;
				DEVELOPMENT_TEAM = 5SCE44WH8R;
				INFOPLIST_FILE = SpeechToTextAction/Info.plist;
				LD_RUNPATH_SEARCH_PATHS = "$(inherited) @executable_path/Frameworks @executable_path/../../Frameworks";
				PRODUCT_BUNDLE_IDENTIFIER = de.jakobstoeck.VoiceToText.VoiceToTextAction;
				PRODUCT_NAME = "$(TARGET_NAME)";
				SKIP_INSTALL = YES;
				SWIFT_VERSION = 5.0;
				TARGETED_DEVICE_FAMILY = "1,2";
			};
			name = Release;
		};
/* End XCBuildConfiguration section */

/* Begin XCConfigurationList section */
		CAAEE4101EC1CDEE00292860 /* Build configuration list for PBXProject "SpeechToText" */ = {
			isa = XCConfigurationList;
			buildConfigurations = (
				CAAEE43B1EC1CDEF00292860 /* Debug */,
				CAAEE43C1EC1CDEF00292860 /* Release */,
			);
			defaultConfigurationIsVisible = 0;
			defaultConfigurationName = Release;
		};
		CAAEE43D1EC1CDEF00292860 /* Build configuration list for PBXNativeTarget "SpeechToText" */ = {
			isa = XCConfigurationList;
			buildConfigurations = (
				CAAEE43E1EC1CDEF00292860 /* Debug */,
				CAAEE43F1EC1CDEF00292860 /* Release */,
			);
			defaultConfigurationIsVisible = 0;
			defaultConfigurationName = Release;
		};
		CAAEE4401EC1CDEF00292860 /* Build configuration list for PBXNativeTarget "SpeechToTextTests" */ = {
			isa = XCConfigurationList;
			buildConfigurations = (
				CAAEE4411EC1CDEF00292860 /* Debug */,
				CAAEE4421EC1CDEF00292860 /* Release */,
			);
			defaultConfigurationIsVisible = 0;
			defaultConfigurationName = Release;
		};
		CAAEE4431EC1CDEF00292860 /* Build configuration list for PBXNativeTarget "SpeechToTextUITests" */ = {
			isa = XCConfigurationList;
			buildConfigurations = (
				CAAEE4441EC1CDEF00292860 /* Debug */,
				CAAEE4451EC1CDEF00292860 /* Release */,
			);
			defaultConfigurationIsVisible = 0;
			defaultConfigurationName = Release;
		};
		CAAEE4791EC22F7A00292860 /* Build configuration list for PBXNativeTarget "SpeechToTextAction" */ = {
			isa = XCConfigurationList;
			buildConfigurations = (
				CAAEE47A1EC22F7A00292860 /* Debug */,
				CAAEE47B1EC22F7A00292860 /* Release */,
			);
			defaultConfigurationIsVisible = 0;
			defaultConfigurationName = Release;
		};
/* End XCConfigurationList section */
	};
	rootObject = CAAEE40D1EC1CDEE00292860 /* Project object */;
}
