// !$*UTF8*$!
{
	archiveVersion = 1;
	classes = {
	};
	objectVersion = 46;
	objects = {

/* Begin PBXBuildFile section */
		CA35C9391F5EF550004B5A32 /* InfoPlist.strings in Resources */ = {isa = PBXBuildFile; fileRef = CA35C93B1F5EF550004B5A32 /* InfoPlist.strings */; };
		CA35C93E1F5EF551004B5A32 /* Localizable.strings in Resources */ = {isa = PBXBuildFile; fileRef = CA35C9401F5EF551004B5A32 /* Localizable.strings */; };
		CA35C9431F5EF551004B5A32 /* InfoPlist.strings in Resources */ = {isa = PBXBuildFile; fileRef = CA35C9451F5EF551004B5A32 /* InfoPlist.strings */; };
		CA35C9491F5EF552004B5A32 /* InfoPlist.strings in Resources */ = {isa = PBXBuildFile; fileRef = CA35C94B1F5EF552004B5A32 /* InfoPlist.strings */; };
		CA35C94E1F5EF553004B5A32 /* InfoPlist.strings in Resources */ = {isa = PBXBuildFile; fileRef = CA35C9501F5EF553004B5A32 /* InfoPlist.strings */; };
		CA35C9531F5EF9CF004B5A32 /* Localizable.strings in Resources */ = {isa = PBXBuildFile; fileRef = CA35C9551F5EF9CF004B5A32 /* Localizable.strings */; };
		CA52DEC71F0B766000D96FEC /* Settings.bundle in Resources */ = {isa = PBXBuildFile; fileRef = CA52DEC61F0B766000D96FEC /* Settings.bundle */; };
		CA52DEC81F0B766000D96FEC /* Settings.bundle in Resources */ = {isa = PBXBuildFile; fileRef = CA52DEC61F0B766000D96FEC /* Settings.bundle */; };
		CA5741AE1EC4A5C800F5CE3C /* Assets.xcassets in Resources */ = {isa = PBXBuildFile; fileRef = CAAEE41F1EC1CDEF00292860 /* Assets.xcassets */; };
		CAA9CE461F5FF84A0044AF54 /* Settings.swift in Sources */ = {isa = PBXBuildFile; fileRef = CAA9CE451F5FF84A0044AF54 /* Settings.swift */; };
		CAAEE4191EC1CDEF00292860 /* AppDelegate.swift in Sources */ = {isa = PBXBuildFile; fileRef = CAAEE4181EC1CDEF00292860 /* AppDelegate.swift */; };
		CAAEE41B1EC1CDEF00292860 /* ViewController.swift in Sources */ = {isa = PBXBuildFile; fileRef = CAAEE41A1EC1CDEF00292860 /* ViewController.swift */; };
		CAAEE41E1EC1CDEF00292860 /* Main.storyboard in Resources */ = {isa = PBXBuildFile; fileRef = CAAEE41C1EC1CDEF00292860 /* Main.storyboard */; };
		CAAEE4201EC1CDEF00292860 /* Assets.xcassets in Resources */ = {isa = PBXBuildFile; fileRef = CAAEE41F1EC1CDEF00292860 /* Assets.xcassets */; };
		CAAEE4231EC1CDEF00292860 /* LaunchScreen.storyboard in Resources */ = {isa = PBXBuildFile; fileRef = CAAEE4211EC1CDEF00292860 /* LaunchScreen.storyboard */; };
		CAAEE42E1EC1CDEF00292860 /* SpeechToTextTests.swift in Sources */ = {isa = PBXBuildFile; fileRef = CAAEE42D1EC1CDEF00292860 /* SpeechToTextTests.swift */; };
		CAAEE4391EC1CDEF00292860 /* SpeechToTextUITests.swift in Sources */ = {isa = PBXBuildFile; fileRef = CAAEE4381EC1CDEF00292860 /* SpeechToTextUITests.swift */; };
		CAAEE4721EC22F7A00292860 /* ActionRequestHandler.swift in Sources */ = {isa = PBXBuildFile; fileRef = CAAEE4711EC22F7A00292860 /* ActionRequestHandler.swift */; };
		CAAEE4781EC22F7A00292860 /* SpeechToTextAction.appex in Embed App Extensions */ = {isa = PBXBuildFile; fileRef = CAAEE46F1EC22F7A00292860 /* SpeechToTextAction.appex */; settings = {ATTRIBUTES = (RemoveHeadersOnCopy, ); }; };
		CAE1499E1ECDB5A600162D3E /* Transcript.swift in Sources */ = {isa = PBXBuildFile; fileRef = CAE1499D1ECDB5A600162D3E /* Transcript.swift */; };
		CAE1499F1ECDB5A600162D3E /* Transcript.swift in Sources */ = {isa = PBXBuildFile; fileRef = CAE1499D1ECDB5A600162D3E /* Transcript.swift */; };
		CAFD70081F60176F007862D8 /* Settings.swift in Sources */ = {isa = PBXBuildFile; fileRef = CAA9CE451F5FF84A0044AF54 /* Settings.swift */; };
/* End PBXBuildFile section */

/* Begin PBXContainerItemProxy section */
		CAAEE42A1EC1CDEF00292860 /* PBXContainerItemProxy */ = {
			isa = PBXContainerItemProxy;
			containerPortal = CAAEE40D1EC1CDEE00292860 /* Project object */;
			proxyType = 1;
			remoteGlobalIDString = CAAEE4141EC1CDEE00292860;
			remoteInfo = SpeechToText;
		};
		CAAEE4351EC1CDEF00292860 /* PBXContainerItemProxy */ = {
			isa = PBXContainerItemProxy;
			containerPortal = CAAEE40D1EC1CDEE00292860 /* Project object */;
			proxyType = 1;
			remoteGlobalIDString = CAAEE4141EC1CDEE00292860;
			remoteInfo = SpeechToText;
		};
		CAAEE4761EC22F7A00292860 /* PBXContainerItemProxy */ = {
			isa = PBXContainerItemProxy;
			containerPortal = CAAEE40D1EC1CDEE00292860 /* Project object */;
			proxyType = 1;
			remoteGlobalIDString = CAAEE46E1EC22F7A00292860;
			remoteInfo = SpeechToTextAction;
		};
/* End PBXContainerItemProxy section */

/* Begin PBXCopyFilesBuildPhase section */
		CAAEE4581EC2067600292860 /* Embed App Extensions */ = {
			isa = PBXCopyFilesBuildPhase;
			buildActionMask = 2147483647;
			dstPath = "";
			dstSubfolderSpec = 13;
			files = (
				CAAEE4781EC22F7A00292860 /* SpeechToTextAction.appex in Embed App Extensions */,
			);
			name = "Embed App Extensions";
			runOnlyForDeploymentPostprocessing = 0;
		};
/* End PBXCopyFilesBuildPhase section */

/* Begin PBXFileReference section */
		CA35C93A1F5EF550004B5A32 /* de */ = {isa = PBXFileReference; lastKnownFileType = text.plist.strings; name = de; path = de.lproj/InfoPlist.strings; sourceTree = "<group>"; };
		CA35C93F1F5EF551004B5A32 /* de */ = {isa = PBXFileReference; lastKnownFileType = text.plist.strings; name = de; path = de.lproj/Localizable.strings; sourceTree = "<group>"; };
		CA35C9441F5EF551004B5A32 /* de */ = {isa = PBXFileReference; lastKnownFileType = text.plist.strings; name = de; path = de.lproj/InfoPlist.strings; sourceTree = "<group>"; };
		CA35C9461F5EF552004B5A32 /* de */ = {isa = PBXFileReference; lastKnownFileType = text.plist.strings; name = de; path = de.lproj/LaunchScreen.strings; sourceTree = "<group>"; };
		CA35C94A1F5EF552004B5A32 /* de */ = {isa = PBXFileReference; lastKnownFileType = text.plist.strings; name = de; path = de.lproj/InfoPlist.strings; sourceTree = "<group>"; };
		CA35C94F1F5EF553004B5A32 /* de */ = {isa = PBXFileReference; lastKnownFileType = text.plist.strings; name = de; path = de.lproj/InfoPlist.strings; sourceTree = "<group>"; };
		CA35C9541F5EF9CF004B5A32 /* de */ = {isa = PBXFileReference; lastKnownFileType = text.plist.strings; name = de; path = de.lproj/Localizable.strings; sourceTree = "<group>"; };
		CA52DEC61F0B766000D96FEC /* Settings.bundle */ = {isa = PBXFileReference; lastKnownFileType = "wrapper.plug-in"; path = Settings.bundle; sourceTree = "<group>"; };
		CA6C1ACC1F5EEE1C003A97FE /* de */ = {isa = PBXFileReference; lastKnownFileType = text.plist.strings; name = de; path = de.lproj/Main.strings; sourceTree = "<group>"; };
		CAA9CE451F5FF84A0044AF54 /* Settings.swift */ = {isa = PBXFileReference; fileEncoding = 4; lastKnownFileType = sourcecode.swift; path = Settings.swift; sourceTree = "<group>"; };
		CAAEE4151EC1CDEF00292860 /* SpeechToText.app */ = {isa = PBXFileReference; explicitFileType = wrapper.application; includeInIndex = 0; path = SpeechToText.app; sourceTree = BUILT_PRODUCTS_DIR; };
		CAAEE4181EC1CDEF00292860 /* AppDelegate.swift */ = {isa = PBXFileReference; lastKnownFileType = sourcecode.swift; path = AppDelegate.swift; sourceTree = "<group>"; };
		CAAEE41A1EC1CDEF00292860 /* ViewController.swift */ = {isa = PBXFileReference; lastKnownFileType = sourcecode.swift; path = ViewController.swift; sourceTree = "<group>"; };
		CAAEE41D1EC1CDEF00292860 /* Base */ = {isa = PBXFileReference; lastKnownFileType = file.storyboard; name = Base; path = Base.lproj/Main.storyboard; sourceTree = "<group>"; };
		CAAEE41F1EC1CDEF00292860 /* Assets.xcassets */ = {isa = PBXFileReference; lastKnownFileType = folder.assetcatalog; path = Assets.xcassets; sourceTree = "<group>"; };
		CAAEE4221EC1CDEF00292860 /* Base */ = {isa = PBXFileReference; lastKnownFileType = file.storyboard; name = Base; path = Base.lproj/LaunchScreen.storyboard; sourceTree = "<group>"; };
		CAAEE4241EC1CDEF00292860 /* Info.plist */ = {isa = PBXFileReference; lastKnownFileType = text.plist.xml; path = Info.plist; sourceTree = "<group>"; };
		CAAEE4291EC1CDEF00292860 /* SpeechToTextTests.xctest */ = {isa = PBXFileReference; explicitFileType = wrapper.cfbundle; includeInIndex = 0; path = SpeechToTextTests.xctest; sourceTree = BUILT_PRODUCTS_DIR; };
		CAAEE42D1EC1CDEF00292860 /* SpeechToTextTests.swift */ = {isa = PBXFileReference; lastKnownFileType = sourcecode.swift; path = SpeechToTextTests.swift; sourceTree = "<group>"; };
		CAAEE42F1EC1CDEF00292860 /* Info.plist */ = {isa = PBXFileReference; lastKnownFileType = text.plist.xml; path = Info.plist; sourceTree = "<group>"; };
		CAAEE4341EC1CDEF00292860 /* SpeechToTextUITests.xctest */ = {isa = PBXFileReference; explicitFileType = wrapper.cfbundle; includeInIndex = 0; path = SpeechToTextUITests.xctest; sourceTree = BUILT_PRODUCTS_DIR; };
		CAAEE4381EC1CDEF00292860 /* SpeechToTextUITests.swift */ = {isa = PBXFileReference; lastKnownFileType = sourcecode.swift; path = SpeechToTextUITests.swift; sourceTree = "<group>"; };
		CAAEE43A1EC1CDEF00292860 /* Info.plist */ = {isa = PBXFileReference; lastKnownFileType = text.plist.xml; path = Info.plist; sourceTree = "<group>"; };
		CAAEE46F1EC22F7A00292860 /* SpeechToTextAction.appex */ = {isa = PBXFileReference; explicitFileType = "wrapper.app-extension"; includeInIndex = 0; path = SpeechToTextAction.appex; sourceTree = BUILT_PRODUCTS_DIR; };
		CAAEE4711EC22F7A00292860 /* ActionRequestHandler.swift */ = {isa = PBXFileReference; lastKnownFileType = sourcecode.swift; path = ActionRequestHandler.swift; sourceTree = "<group>"; };
		CAAEE4751EC22F7A00292860 /* Info.plist */ = {isa = PBXFileReference; lastKnownFileType = text.plist.xml; path = Info.plist; sourceTree = "<group>"; };
		CABF826E1ECED84700065A08 /* SpeechToText.entitlements */ = {isa = PBXFileReference; lastKnownFileType = text.plist.entitlements; path = SpeechToText.entitlements; sourceTree = "<group>"; };
		CABF826F1ECED87800065A08 /* SpeechToTextAction.entitlements */ = {isa = PBXFileReference; lastKnownFileType = text.plist.entitlements; path = SpeechToTextAction.entitlements; sourceTree = "<group>"; };
		CAE1499D1ECDB5A600162D3E /* Transcript.swift */ = {isa = PBXFileReference; fileEncoding = 4; lastKnownFileType = sourcecode.swift; path = Transcript.swift; sourceTree = "<group>"; };
/* End PBXFileReference section */

/* Begin PBXFrameworksBuildPhase section */
		CAAEE4121EC1CDEE00292860 /* Frameworks */ = {
			isa = PBXFrameworksBuildPhase;
			buildActionMask = 2147483647;
			files = (
			);
			runOnlyForDeploymentPostprocessing = 0;
		};
		CAAEE4261EC1CDEF00292860 /* Frameworks */ = {
			isa = PBXFrameworksBuildPhase;
			buildActionMask = 2147483647;
			files = (
			);
			runOnlyForDeploymentPostprocessing = 0;
		};
		CAAEE4311EC1CDEF00292860 /* Frameworks */ = {
			isa = PBXFrameworksBuildPhase;
			buildActionMask = 2147483647;
			files = (
			);
			runOnlyForDeploymentPostprocessing = 0;
		};
		CAAEE46C1EC22F7A00292860 /* Frameworks */ = {
			isa = PBXFrameworksBuildPhase;
			buildActionMask = 2147483647;
			files = (
			);
			runOnlyForDeploymentPostprocessing = 0;
		};
/* End PBXFrameworksBuildPhase section */

/* Begin PBXGroup section */
		CAAEE40C1EC1CDEE00292860 = {
			isa = PBXGroup;
			children = (
				CAAEE4171EC1CDEF00292860 /* SpeechToText */,
				CAAEE42C1EC1CDEF00292860 /* SpeechToTextTests */,
				CAAEE4371EC1CDEF00292860 /* SpeechToTextUITests */,
				CAAEE4701EC22F7A00292860 /* SpeechToTextAction */,
				CAAEE4161EC1CDEF00292860 /* Products */,
			);
			sourceTree = "<group>";
		};
		CAAEE4161EC1CDEF00292860 /* Products */ = {
			isa = PBXGroup;
			children = (
				CAAEE4151EC1CDEF00292860 /* SpeechToText.app */,
				CAAEE4291EC1CDEF00292860 /* SpeechToTextTests.xctest */,
				CAAEE4341EC1CDEF00292860 /* SpeechToTextUITests.xctest */,
				CAAEE46F1EC22F7A00292860 /* SpeechToTextAction.appex */,
			);
			name = Products;
			sourceTree = "<group>";
		};
		CAAEE4171EC1CDEF00292860 /* SpeechToText */ = {
			isa = PBXGroup;
			children = (
				CA35C94B1F5EF552004B5A32 /* InfoPlist.strings */,
				CA35C9401F5EF551004B5A32 /* Localizable.strings */,
				CA52DEC61F0B766000D96FEC /* Settings.bundle */,
				CABF826E1ECED84700065A08 /* SpeechToText.entitlements */,
				CAAEE4181EC1CDEF00292860 /* AppDelegate.swift */,
				CAAEE41A1EC1CDEF00292860 /* ViewController.swift */,
				CAE1499D1ECDB5A600162D3E /* Transcript.swift */,
				CAA9CE451F5FF84A0044AF54 /* Settings.swift */,
				CAAEE41C1EC1CDEF00292860 /* Main.storyboard */,
				CAAEE41F1EC1CDEF00292860 /* Assets.xcassets */,
				CAAEE4211EC1CDEF00292860 /* LaunchScreen.storyboard */,
				CAAEE4241EC1CDEF00292860 /* Info.plist */,
			);
			path = SpeechToText;
			sourceTree = "<group>";
		};
		CAAEE42C1EC1CDEF00292860 /* SpeechToTextTests */ = {
			isa = PBXGroup;
			children = (
				CA35C9451F5EF551004B5A32 /* InfoPlist.strings */,
				CAAEE42D1EC1CDEF00292860 /* SpeechToTextTests.swift */,
				CAAEE42F1EC1CDEF00292860 /* Info.plist */,
			);
			path = SpeechToTextTests;
			sourceTree = "<group>";
		};
		CAAEE4371EC1CDEF00292860 /* SpeechToTextUITests */ = {
			isa = PBXGroup;
			children = (
				CA35C9501F5EF553004B5A32 /* InfoPlist.strings */,
				CAAEE4381EC1CDEF00292860 /* SpeechToTextUITests.swift */,
				CAAEE43A1EC1CDEF00292860 /* Info.plist */,
			);
			path = SpeechToTextUITests;
			sourceTree = "<group>";
		};
		CAAEE4701EC22F7A00292860 /* SpeechToTextAction */ = {
			isa = PBXGroup;
			children = (
				CA35C9551F5EF9CF004B5A32 /* Localizable.strings */,
				CA35C93B1F5EF550004B5A32 /* InfoPlist.strings */,
				CABF826F1ECED87800065A08 /* SpeechToTextAction.entitlements */,
				CAAEE4711EC22F7A00292860 /* ActionRequestHandler.swift */,
				CAAEE4751EC22F7A00292860 /* Info.plist */,
			);
			path = SpeechToTextAction;
			sourceTree = "<group>";
		};
/* End PBXGroup section */

/* Begin PBXNativeTarget section */
		CAAEE4141EC1CDEE00292860 /* SpeechToText */ = {
			isa = PBXNativeTarget;
			buildConfigurationList = CAAEE43D1EC1CDEF00292860 /* Build configuration list for PBXNativeTarget "SpeechToText" */;
			buildPhases = (
				CAAEE4111EC1CDEE00292860 /* Sources */,
				CAAEE4121EC1CDEE00292860 /* Frameworks */,
				CAAEE4131EC1CDEE00292860 /* Resources */,
				CAAEE4581EC2067600292860 /* Embed App Extensions */,
			);
			buildRules = (
			);
			dependencies = (
				CAAEE4771EC22F7A00292860 /* PBXTargetDependency */,
			);
			name = SpeechToText;
			productName = SpeechToText;
			productReference = CAAEE4151EC1CDEF00292860 /* SpeechToText.app */;
			productType = "com.apple.product-type.application";
		};
		CAAEE4281EC1CDEF00292860 /* SpeechToTextTests */ = {
			isa = PBXNativeTarget;
			buildConfigurationList = CAAEE4401EC1CDEF00292860 /* Build configuration list for PBXNativeTarget "SpeechToTextTests" */;
			buildPhases = (
				CAAEE4251EC1CDEF00292860 /* Sources */,
				CAAEE4261EC1CDEF00292860 /* Frameworks */,
				CAAEE4271EC1CDEF00292860 /* Resources */,
			);
			buildRules = (
			);
			dependencies = (
				CAAEE42B1EC1CDEF00292860 /* PBXTargetDependency */,
			);
			name = SpeechToTextTests;
			productName = SpeechToTextTests;
			productReference = CAAEE4291EC1CDEF00292860 /* SpeechToTextTests.xctest */;
			productType = "com.apple.product-type.bundle.unit-test";
		};
		CAAEE4331EC1CDEF00292860 /* SpeechToTextUITests */ = {
			isa = PBXNativeTarget;
			buildConfigurationList = CAAEE4431EC1CDEF00292860 /* Build configuration list for PBXNativeTarget "SpeechToTextUITests" */;
			buildPhases = (
				CAAEE4301EC1CDEF00292860 /* Sources */,
				CAAEE4311EC1CDEF00292860 /* Frameworks */,
				CAAEE4321EC1CDEF00292860 /* Resources */,
			);
			buildRules = (
			);
			dependencies = (
				CAAEE4361EC1CDEF00292860 /* PBXTargetDependency */,
			);
			name = SpeechToTextUITests;
			productName = SpeechToTextUITests;
			productReference = CAAEE4341EC1CDEF00292860 /* SpeechToTextUITests.xctest */;
			productType = "com.apple.product-type.bundle.ui-testing";
		};
		CAAEE46E1EC22F7A00292860 /* SpeechToTextAction */ = {
			isa = PBXNativeTarget;
			buildConfigurationList = CAAEE4791EC22F7A00292860 /* Build configuration list for PBXNativeTarget "SpeechToTextAction" */;
			buildPhases = (
				CAAEE46B1EC22F7A00292860 /* Sources */,
				CAAEE46C1EC22F7A00292860 /* Frameworks */,
				CAAEE46D1EC22F7A00292860 /* Resources */,
			);
			buildRules = (
			);
			dependencies = (
			);
			name = SpeechToTextAction;
			productName = SpeechToTextAction;
			productReference = CAAEE46F1EC22F7A00292860 /* SpeechToTextAction.appex */;
			productType = "com.apple.product-type.app-extension";
		};
/* End PBXNativeTarget section */

/* Begin PBXProject section */
		CAAEE40D1EC1CDEE00292860 /* Project object */ = {
			isa = PBXProject;
			attributes = {
				LastSwiftUpdateCheck = 0830;
				LastUpgradeCheck = 0900;
				ORGANIZATIONNAME = "Jakob Stoeck";
				TargetAttributes = {
					CAAEE4141EC1CDEE00292860 = {
						CreatedOnToolsVersion = 8.3.2;
						DevelopmentTeam = 5SCE44WH8R;
						LastSwiftMigration = 0900;
						ProvisioningStyle = Automatic;
						SystemCapabilities = {
							com.apple.ApplicationGroups.iOS = {
								enabled = 1;
							};
						};
					};
					CAAEE4281EC1CDEF00292860 = {
						CreatedOnToolsVersion = 8.3.2;
						LastSwiftMigration = 0900;
						ProvisioningStyle = Automatic;
						TestTargetID = CAAEE4141EC1CDEE00292860;
					};
					CAAEE4331EC1CDEF00292860 = {
						CreatedOnToolsVersion = 8.3.2;
						LastSwiftMigration = 0900;
						ProvisioningStyle = Automatic;
						TestTargetID = CAAEE4141EC1CDEE00292860;
					};
					CAAEE46E1EC22F7A00292860 = {
						CreatedOnToolsVersion = 8.3.2;
						DevelopmentTeam = 5SCE44WH8R;
						LastSwiftMigration = 0900;
						ProvisioningStyle = Automatic;
						SystemCapabilities = {
							com.apple.ApplicationGroups.iOS = {
								enabled = 1;
							};
						};
					};
				};
			};
			buildConfigurationList = CAAEE4101EC1CDEE00292860 /* Build configuration list for PBXProject "SpeechToText" */;
			compatibilityVersion = "Xcode 3.2";
			developmentRegion = English;
			hasScannedForEncodings = 0;
			knownRegions = (
				en,
				Base,
			);
			mainGroup = CAAEE40C1EC1CDEE00292860;
			productRefGroup = CAAEE4161EC1CDEF00292860 /* Products */;
			projectDirPath = "";
			projectRoot = "";
			targets = (
				CAAEE4141EC1CDEE00292860 /* SpeechToText */,
				CAAEE46E1EC22F7A00292860 /* SpeechToTextAction */,
				CAAEE4281EC1CDEF00292860 /* SpeechToTextTests */,
				CAAEE4331EC1CDEF00292860 /* SpeechToTextUITests */,
			);
		};
/* End PBXProject section */

/* Begin PBXResourcesBuildPhase section */
		CAAEE4131EC1CDEE00292860 /* Resources */ = {
			isa = PBXResourcesBuildPhase;
			buildActionMask = 2147483647;
			files = (
				CA35C93E1F5EF551004B5A32 /* Localizable.strings in Resources */,
				CA35C9491F5EF552004B5A32 /* InfoPlist.strings in Resources */,
				CA52DEC71F0B766000D96FEC /* Settings.bundle in Resources */,
				CAAEE4231EC1CDEF00292860 /* LaunchScreen.storyboard in Resources */,
				CAAEE4201EC1CDEF00292860 /* Assets.xcassets in Resources */,
				CAAEE41E1EC1CDEF00292860 /* Main.storyboard in Resources */,
			);
			runOnlyForDeploymentPostprocessing = 0;
		};
		CAAEE4271EC1CDEF00292860 /* Resources */ = {
			isa = PBXResourcesBuildPhase;
			buildActionMask = 2147483647;
			files = (
				CA35C9431F5EF551004B5A32 /* InfoPlist.strings in Resources */,
			);
			runOnlyForDeploymentPostprocessing = 0;
		};
		CAAEE4321EC1CDEF00292860 /* Resources */ = {
			isa = PBXResourcesBuildPhase;
			buildActionMask = 2147483647;
			files = (
				CA35C94E1F5EF553004B5A32 /* InfoPlist.strings in Resources */,
			);
			runOnlyForDeploymentPostprocessing = 0;
		};
		CAAEE46D1EC22F7A00292860 /* Resources */ = {
			isa = PBXResourcesBuildPhase;
			buildActionMask = 2147483647;
			files = (
				CA52DEC81F0B766000D96FEC /* Settings.bundle in Resources */,
				CA35C9531F5EF9CF004B5A32 /* Localizable.strings in Resources */,
				CA35C9391F5EF550004B5A32 /* InfoPlist.strings in Resources */,
				CA5741AE1EC4A5C800F5CE3C /* Assets.xcassets in Resources */,
			);
			runOnlyForDeploymentPostprocessing = 0;
		};
/* End PBXResourcesBuildPhase section */

/* Begin PBXSourcesBuildPhase section */
		CAAEE4111EC1CDEE00292860 /* Sources */ = {
			isa = PBXSourcesBuildPhase;
			buildActionMask = 2147483647;
			files = (
				CAAEE41B1EC1CDEF00292860 /* ViewController.swift in Sources */,
				CAAEE4191EC1CDEF00292860 /* AppDelegate.swift in Sources */,
				CAA9CE461F5FF84A0044AF54 /* Settings.swift in Sources */,
				CAE1499E1ECDB5A600162D3E /* Transcript.swift in Sources */,
			);
			runOnlyForDeploymentPostprocessing = 0;
		};
		CAAEE4251EC1CDEF00292860 /* Sources */ = {
			isa = PBXSourcesBuildPhase;
			buildActionMask = 2147483647;
			files = (
				CAAEE42E1EC1CDEF00292860 /* SpeechToTextTests.swift in Sources */,
			);
			runOnlyForDeploymentPostprocessing = 0;
		};
		CAAEE4301EC1CDEF00292860 /* Sources */ = {
			isa = PBXSourcesBuildPhase;
			buildActionMask = 2147483647;
			files = (
				CAAEE4391EC1CDEF00292860 /* SpeechToTextUITests.swift in Sources */,
			);
			runOnlyForDeploymentPostprocessing = 0;
		};
		CAAEE46B1EC22F7A00292860 /* Sources */ = {
			isa = PBXSourcesBuildPhase;
			buildActionMask = 2147483647;
			files = (
				CAFD70081F60176F007862D8 /* Settings.swift in Sources */,
				CAAEE4721EC22F7A00292860 /* ActionRequestHandler.swift in Sources */,
				CAE1499F1ECDB5A600162D3E /* Transcript.swift in Sources */,
			);
			runOnlyForDeploymentPostprocessing = 0;
		};
/* End PBXSourcesBuildPhase section */

/* Begin PBXTargetDependency section */
		CAAEE42B1EC1CDEF00292860 /* PBXTargetDependency */ = {
			isa = PBXTargetDependency;
			target = CAAEE4141EC1CDEE00292860 /* SpeechToText */;
			targetProxy = CAAEE42A1EC1CDEF00292860 /* PBXContainerItemProxy */;
		};
		CAAEE4361EC1CDEF00292860 /* PBXTargetDependency */ = {
			isa = PBXTargetDependency;
			target = CAAEE4141EC1CDEE00292860 /* SpeechToText */;
			targetProxy = CAAEE4351EC1CDEF00292860 /* PBXContainerItemProxy */;
		};
		CAAEE4771EC22F7A00292860 /* PBXTargetDependency */ = {
			isa = PBXTargetDependency;
			target = CAAEE46E1EC22F7A00292860 /* SpeechToTextAction */;
			targetProxy = CAAEE4761EC22F7A00292860 /* PBXContainerItemProxy */;
		};
/* End PBXTargetDependency section */

/* Begin PBXVariantGroup section */
		CA35C93B1F5EF550004B5A32 /* InfoPlist.strings */ = {
			isa = PBXVariantGroup;
			children = (
				CA35C93A1F5EF550004B5A32 /* de */,
			);
			name = InfoPlist.strings;
			sourceTree = "<group>";
		};
		CA35C9401F5EF551004B5A32 /* Localizable.strings */ = {
			isa = PBXVariantGroup;
			children = (
				CA35C93F1F5EF551004B5A32 /* de */,
			);
			name = Localizable.strings;
			sourceTree = "<group>";
		};
		CA35C9451F5EF551004B5A32 /* InfoPlist.strings */ = {
			isa = PBXVariantGroup;
			children = (
				CA35C9441F5EF551004B5A32 /* de */,
			);
			name = InfoPlist.strings;
			sourceTree = "<group>";
		};
		CA35C94B1F5EF552004B5A32 /* InfoPlist.strings */ = {
			isa = PBXVariantGroup;
			children = (
				CA35C94A1F5EF552004B5A32 /* de */,
			);
			name = InfoPlist.strings;
			sourceTree = "<group>";
		};
		CA35C9501F5EF553004B5A32 /* InfoPlist.strings */ = {
			isa = PBXVariantGroup;
			children = (
				CA35C94F1F5EF553004B5A32 /* de */,
			);
			name = InfoPlist.strings;
			sourceTree = "<group>";
		};
		CA35C9551F5EF9CF004B5A32 /* Localizable.strings */ = {
			isa = PBXVariantGroup;
			children = (
				CA35C9541F5EF9CF004B5A32 /* de */,
			);
			name = Localizable.strings;
			sourceTree = "<group>";
		};
		CAAEE41C1EC1CDEF00292860 /* Main.storyboard */ = {
			isa = PBXVariantGroup;
			children = (
				CAAEE41D1EC1CDEF00292860 /* Base */,
				CA6C1ACC1F5EEE1C003A97FE /* de */,
			);
			name = Main.storyboard;
			sourceTree = "<group>";
		};
		CAAEE4211EC1CDEF00292860 /* LaunchScreen.storyboard */ = {
			isa = PBXVariantGroup;
			children = (
				CAAEE4221EC1CDEF00292860 /* Base */,
				CA35C9461F5EF552004B5A32 /* de */,
			);
			name = LaunchScreen.storyboard;
			sourceTree = "<group>";
		};
/* End PBXVariantGroup section */

/* Begin XCBuildConfiguration section */
		CAAEE43B1EC1CDEF00292860 /* Debug */ = {
			isa = XCBuildConfiguration;
			buildSettings = {
				ALWAYS_SEARCH_USER_PATHS = NO;
				CLANG_ANALYZER_LOCALIZABILITY_NONLOCALIZED = YES;
				CLANG_ANALYZER_NONNULL = YES;
				CLANG_ANALYZER_NUMBER_OBJECT_CONVERSION = YES_AGGRESSIVE;
				CLANG_CXX_LANGUAGE_STANDARD = "gnu++0x";
				CLANG_CXX_LIBRARY = "libc++";
				CLANG_ENABLE_MODULES = YES;
				CLANG_ENABLE_OBJC_ARC = YES;
				CLANG_WARN_BLOCK_CAPTURE_AUTORELEASING = YES;
				CLANG_WARN_BOOL_CONVERSION = YES;
				CLANG_WARN_COMMA = YES;
				CLANG_WARN_CONSTANT_CONVERSION = YES;
				CLANG_WARN_DIRECT_OBJC_ISA_USAGE = YES_ERROR;
				CLANG_WARN_DOCUMENTATION_COMMENTS = YES;
				CLANG_WARN_EMPTY_BODY = YES;
				CLANG_WARN_ENUM_CONVERSION = YES;
				CLANG_WARN_INFINITE_RECURSION = YES;
				CLANG_WARN_INT_CONVERSION = YES;
				CLANG_WARN_NON_LITERAL_NULL_CONVERSION = YES;
				CLANG_WARN_OBJC_LITERAL_CONVERSION = YES;
				CLANG_WARN_OBJC_ROOT_CLASS = YES_ERROR;
				CLANG_WARN_RANGE_LOOP_ANALYSIS = YES;
				CLANG_WARN_STRICT_PROTOTYPES = YES;
				CLANG_WARN_SUSPICIOUS_MOVE = YES;
				CLANG_WARN_UNREACHABLE_CODE = YES;
				CLANG_WARN__DUPLICATE_METHOD_MATCH = YES;
				"CODE_SIGN_IDENTITY[sdk=iphoneos*]" = "iPhone Developer";
				COPY_PHASE_STRIP = NO;
				DEBUG_INFORMATION_FORMAT = dwarf;
				ENABLE_STRICT_OBJC_MSGSEND = YES;
				ENABLE_TESTABILITY = YES;
				GCC_C_LANGUAGE_STANDARD = gnu99;
				GCC_DYNAMIC_NO_PIC = NO;
				GCC_NO_COMMON_BLOCKS = YES;
				GCC_OPTIMIZATION_LEVEL = 0;
				GCC_PREPROCESSOR_DEFINITIONS = (
					"DEBUG=1",
					"$(inherited)",
				);
				GCC_WARN_64_TO_32_BIT_CONVERSION = YES;
				GCC_WARN_ABOUT_RETURN_TYPE = YES_ERROR;
				GCC_WARN_UNDECLARED_SELECTOR = YES;
				GCC_WARN_UNINITIALIZED_AUTOS = YES_AGGRESSIVE;
				GCC_WARN_UNUSED_FUNCTION = YES;
				GCC_WARN_UNUSED_VARIABLE = YES;
				IPHONEOS_DEPLOYMENT_TARGET = 10.3;
				MTL_ENABLE_DEBUG_INFO = YES;
				ONLY_ACTIVE_ARCH = YES;
				OTHER_SWIFT_FLAGS = "";
				SDKROOT = iphoneos;
				SWIFT_ACTIVE_COMPILATION_CONDITIONS = DEBUG;
				SWIFT_OPTIMIZATION_LEVEL = "-Onone";
				SWIFT_VERSION = 3.0;
				TARGETED_DEVICE_FAMILY = "1,2";
			};
			name = Debug;
		};
		CAAEE43C1EC1CDEF00292860 /* Release */ = {
			isa = XCBuildConfiguration;
			buildSettings = {
				ALWAYS_SEARCH_USER_PATHS = NO;
				CLANG_ANALYZER_LOCALIZABILITY_NONLOCALIZED = YES;
				CLANG_ANALYZER_NONNULL = YES;
				CLANG_ANALYZER_NUMBER_OBJECT_CONVERSION = YES_AGGRESSIVE;
				CLANG_CXX_LANGUAGE_STANDARD = "gnu++0x";
				CLANG_CXX_LIBRARY = "libc++";
				CLANG_ENABLE_MODULES = YES;
				CLANG_ENABLE_OBJC_ARC = YES;
				CLANG_WARN_BLOCK_CAPTURE_AUTORELEASING = YES;
				CLANG_WARN_BOOL_CONVERSION = YES;
				CLANG_WARN_COMMA = YES;
				CLANG_WARN_CONSTANT_CONVERSION = YES;
				CLANG_WARN_DIRECT_OBJC_ISA_USAGE = YES_ERROR;
				CLANG_WARN_DOCUMENTATION_COMMENTS = YES;
				CLANG_WARN_EMPTY_BODY = YES;
				CLANG_WARN_ENUM_CONVERSION = YES;
				CLANG_WARN_INFINITE_RECURSION = YES;
				CLANG_WARN_INT_CONVERSION = YES;
				CLANG_WARN_NON_LITERAL_NULL_CONVERSION = YES;
				CLANG_WARN_OBJC_LITERAL_CONVERSION = YES;
				CLANG_WARN_OBJC_ROOT_CLASS = YES_ERROR;
				CLANG_WARN_RANGE_LOOP_ANALYSIS = YES;
				CLANG_WARN_STRICT_PROTOTYPES = YES;
				CLANG_WARN_SUSPICIOUS_MOVE = YES;
				CLANG_WARN_UNREACHABLE_CODE = YES;
				CLANG_WARN__DUPLICATE_METHOD_MATCH = YES;
				"CODE_SIGN_IDENTITY[sdk=iphoneos*]" = "iPhone Developer";
				COPY_PHASE_STRIP = NO;
				DEBUG_INFORMATION_FORMAT = "dwarf-with-dsym";
				ENABLE_NS_ASSERTIONS = NO;
				ENABLE_STRICT_OBJC_MSGSEND = YES;
				GCC_C_LANGUAGE_STANDARD = gnu99;
				GCC_NO_COMMON_BLOCKS = YES;
				GCC_WARN_64_TO_32_BIT_CONVERSION = YES;
				GCC_WARN_ABOUT_RETURN_TYPE = YES_ERROR;
				GCC_WARN_UNDECLARED_SELECTOR = YES;
				GCC_WARN_UNINITIALIZED_AUTOS = YES_AGGRESSIVE;
				GCC_WARN_UNUSED_FUNCTION = YES;
				GCC_WARN_UNUSED_VARIABLE = YES;
				IPHONEOS_DEPLOYMENT_TARGET = 10.3;
				MTL_ENABLE_DEBUG_INFO = NO;
				OTHER_SWIFT_FLAGS = "";
				SDKROOT = iphoneos;
				SWIFT_OPTIMIZATION_LEVEL = "-Owholemodule";
				SWIFT_VERSION = 3.0;
				TARGETED_DEVICE_FAMILY = "1,2";
				VALIDATE_PRODUCT = YES;
			};
			name = Release;
		};
		CAAEE43E1EC1CDEF00292860 /* Debug */ = {
			isa = XCBuildConfiguration;
			buildSettings = {
				ALWAYS_EMBED_SWIFT_STANDARD_LIBRARIES = YES;
				ASSETCATALOG_COMPILER_APPICON_NAME = AppIcon;
				CODE_SIGN_ENTITLEMENTS = SpeechToText/SpeechToText.entitlements;
				DEVELOPMENT_TEAM = 5SCE44WH8R;
				INFOPLIST_FILE = SpeechToText/Info.plist;
				LD_RUNPATH_SEARCH_PATHS = "$(inherited) @executable_path/Frameworks";
				PRODUCT_BUNDLE_IDENTIFIER = de.jakobstoeck.VoiceToText;
				PRODUCT_NAME = "$(TARGET_NAME)";
				SWIFT_SWIFT3_OBJC_INFERENCE = On;
				SWIFT_VERSION = 3.0;
				TARGETED_DEVICE_FAMILY = "1,2";
			};
			name = Debug;
		};
		CAAEE43F1EC1CDEF00292860 /* Release */ = {
			isa = XCBuildConfiguration;
			buildSettings = {
				ALWAYS_EMBED_SWIFT_STANDARD_LIBRARIES = YES;
				ASSETCATALOG_COMPILER_APPICON_NAME = AppIcon;
				CODE_SIGN_ENTITLEMENTS = SpeechToText/SpeechToText.entitlements;
				DEVELOPMENT_TEAM = 5SCE44WH8R;
				INFOPLIST_FILE = SpeechToText/Info.plist;
				LD_RUNPATH_SEARCH_PATHS = "$(inherited) @executable_path/Frameworks";
				PRODUCT_BUNDLE_IDENTIFIER = de.jakobstoeck.VoiceToText;
				PRODUCT_NAME = "$(TARGET_NAME)";
				SWIFT_SWIFT3_OBJC_INFERENCE = On;
				SWIFT_VERSION = 3.0;
				TARGETED_DEVICE_FAMILY = "1,2";
			};
			name = Release;
		};
		CAAEE4411EC1CDEF00292860 /* Debug */ = {
			isa = XCBuildConfiguration;
			buildSettings = {
				ALWAYS_EMBED_SWIFT_STANDARD_LIBRARIES = YES;
				BUNDLE_LOADER = "$(TEST_HOST)";
				INFOPLIST_FILE = SpeechToTextTests/Info.plist;
				LD_RUNPATH_SEARCH_PATHS = "$(inherited) @executable_path/Frameworks @loader_path/Frameworks";
				PRODUCT_BUNDLE_IDENTIFIER = js.SpeechToTextTests;
				PRODUCT_NAME = "$(TARGET_NAME)";
				SWIFT_SWIFT3_OBJC_INFERENCE = On;
				SWIFT_VERSION = 3.0;
				TEST_HOST = "$(BUILT_PRODUCTS_DIR)/SpeechToText.app/SpeechToText";
			};
			name = Debug;
		};
		CAAEE4421EC1CDEF00292860 /* Release */ = {
			isa = XCBuildConfiguration;
			buildSettings = {
				ALWAYS_EMBED_SWIFT_STANDARD_LIBRARIES = YES;
				BUNDLE_LOADER = "$(TEST_HOST)";
				INFOPLIST_FILE = SpeechToTextTests/Info.plist;
				LD_RUNPATH_SEARCH_PATHS = "$(inherited) @executable_path/Frameworks @loader_path/Frameworks";
				PRODUCT_BUNDLE_IDENTIFIER = js.SpeechToTextTests;
				PRODUCT_NAME = "$(TARGET_NAME)";
				SWIFT_SWIFT3_OBJC_INFERENCE = On;
				SWIFT_VERSION = 3.0;
				TEST_HOST = "$(BUILT_PRODUCTS_DIR)/SpeechToText.app/SpeechToText";
			};
			name = Release;
		};
		CAAEE4441EC1CDEF00292860 /* Debug */ = {
			isa = XCBuildConfiguration;
			buildSettings = {
				ALWAYS_EMBED_SWIFT_STANDARD_LIBRARIES = YES;
				INFOPLIST_FILE = SpeechToTextUITests/Info.plist;
				LD_RUNPATH_SEARCH_PATHS = "$(inherited) @executable_path/Frameworks @loader_path/Frameworks";
				PRODUCT_BUNDLE_IDENTIFIER = js.SpeechToTextUITests;
				PRODUCT_NAME = "$(TARGET_NAME)";
				SWIFT_SWIFT3_OBJC_INFERENCE = On;
				SWIFT_VERSION = 3.0;
				TEST_TARGET_NAME = SpeechToText;
			};
			name = Debug;
		};
		CAAEE4451EC1CDEF00292860 /* Release */ = {
			isa = XCBuildConfiguration;
			buildSettings = {
				ALWAYS_EMBED_SWIFT_STANDARD_LIBRARIES = YES;
				INFOPLIST_FILE = SpeechToTextUITests/Info.plist;
				LD_RUNPATH_SEARCH_PATHS = "$(inherited) @executable_path/Frameworks @loader_path/Frameworks";
				PRODUCT_BUNDLE_IDENTIFIER = js.SpeechToTextUITests;
				PRODUCT_NAME = "$(TARGET_NAME)";
				SWIFT_SWIFT3_OBJC_INFERENCE = On;
				SWIFT_VERSION = 3.0;
				TEST_TARGET_NAME = SpeechToText;
			};
			name = Release;
		};
		CAAEE47A1EC22F7A00292860 /* Debug */ = {
			isa = XCBuildConfiguration;
			buildSettings = {
				ASSETCATALOG_COMPILER_APPICON_NAME = "Action Icon";
				CODE_SIGN_ENTITLEMENTS = SpeechToTextAction/SpeechToTextAction.entitlements;
				DEVELOPMENT_TEAM = 5SCE44WH8R;
				INFOPLIST_FILE = SpeechToTextAction/Info.plist;
				LD_RUNPATH_SEARCH_PATHS = "$(inherited) @executable_path/Frameworks @executable_path/../../Frameworks";
				PRODUCT_BUNDLE_IDENTIFIER = de.jakobstoeck.VoiceToText.VoiceToTextAction;
				PRODUCT_NAME = "$(TARGET_NAME)";
				SKIP_INSTALL = YES;
				SWIFT_SWIFT3_OBJC_INFERENCE = On;
				SWIFT_VERSION = 3.0;
				TARGETED_DEVICE_FAMILY = "1,2";
			};
			name = Debug;
		};
		CAAEE47B1EC22F7A00292860 /* Release */ = {
			isa = XCBuildConfiguration;
			buildSettings = {
				ASSETCATALOG_COMPILER_APPICON_NAME = "Action Icon";
				CODE_SIGN_ENTITLEMENTS = SpeechToTextAction/SpeechToTextAction.entitlements;
				DEVELOPMENT_TEAM = 5SCE44WH8R;
				INFOPLIST_FILE = SpeechToTextAction/Info.plist;
				LD_RUNPATH_SEARCH_PATHS = "$(inherited) @executable_path/Frameworks @executable_path/../../Frameworks";
				PRODUCT_BUNDLE_IDENTIFIER = de.jakobstoeck.VoiceToText.VoiceToTextAction;
				PRODUCT_NAME = "$(TARGET_NAME)";
				SKIP_INSTALL = YES;
				SWIFT_SWIFT3_OBJC_INFERENCE = On;
				SWIFT_VERSION = 3.0;
				TARGETED_DEVICE_FAMILY = "1,2";
			};
			name = Release;
		};
/* End XCBuildConfiguration section */

/* Begin XCConfigurationList section */
		CAAEE4101EC1CDEE00292860 /* Build configuration list for PBXProject "SpeechToText" */ = {
			isa = XCConfigurationList;
			buildConfigurations = (
				CAAEE43B1EC1CDEF00292860 /* Debug */,
				CAAEE43C1EC1CDEF00292860 /* Release */,
			);
			defaultConfigurationIsVisible = 0;
			defaultConfigurationName = Release;
		};
		CAAEE43D1EC1CDEF00292860 /* Build configuration list for PBXNativeTarget "SpeechToText" */ = {
			isa = XCConfigurationList;
			buildConfigurations = (
				CAAEE43E1EC1CDEF00292860 /* Debug */,
				CAAEE43F1EC1CDEF00292860 /* Release */,
			);
			defaultConfigurationIsVisible = 0;
			defaultConfigurationName = Release;
		};
		CAAEE4401EC1CDEF00292860 /* Build configuration list for PBXNativeTarget "SpeechToTextTests" */ = {
			isa = XCConfigurationList;
			buildConfigurations = (
				CAAEE4411EC1CDEF00292860 /* Debug */,
				CAAEE4421EC1CDEF00292860 /* Release */,
			);
			defaultConfigurationIsVisible = 0;
			defaultConfigurationName = Release;
		};
		CAAEE4431EC1CDEF00292860 /* Build configuration list for PBXNativeTarget "SpeechToTextUITests" */ = {
			isa = XCConfigurationList;
			buildConfigurations = (
				CAAEE4441EC1CDEF00292860 /* Debug */,
				CAAEE4451EC1CDEF00292860 /* Release */,
			);
			defaultConfigurationIsVisible = 0;
			defaultConfigurationName = Release;
		};
		CAAEE4791EC22F7A00292860 /* Build configuration list for PBXNativeTarget "SpeechToTextAction" */ = {
			isa = XCConfigurationList;
			buildConfigurations = (
				CAAEE47A1EC22F7A00292860 /* Debug */,
				CAAEE47B1EC22F7A00292860 /* Release */,
			);
			defaultConfigurationIsVisible = 0;
			defaultConfigurationName = Release;
		};
/* End XCConfigurationList section */
	};
	rootObject = CAAEE40D1EC1CDEE00292860 /* Project object */;
}
